// !$*UTF8*$!
{
	archiveVersion = 1;
	classes = {
	};
	objectVersion = 46;
	objects = {

/* Begin PBXBuildFile section */
		670793AA1DDB260B00967D4B /* main.m in Sources */ = {isa = PBXBuildFile; fileRef = 670793A91DDB260B00967D4B /* main.m */; };
		670793AD1DDB260B00967D4B /* SFAppDelegate.m in Sources */ = {isa = PBXBuildFile; fileRef = 670793AC1DDB260B00967D4B /* SFAppDelegate.m */; };
		670793B51DDB260B00967D4B /* Assets.xcassets in Resources */ = {isa = PBXBuildFile; fileRef = 670793B41DDB260B00967D4B /* Assets.xcassets */; };
		670793B81DDB260B00967D4B /* LaunchScreen.storyboard in Resources */ = {isa = PBXBuildFile; fileRef = 670793B61DDB260B00967D4B /* LaunchScreen.storyboard */; };
		670793C31DDB260C00967D4B /* SegmentFaultTests.m in Sources */ = {isa = PBXBuildFile; fileRef = 670793C21DDB260C00967D4B /* SegmentFaultTests.m */; };
		670793CE1DDB260C00967D4B /* SegmentFaultUITests.m in Sources */ = {isa = PBXBuildFile; fileRef = 670793CD1DDB260C00967D4B /* SegmentFaultUITests.m */; };
		670793E51DDB32C000967D4B /* libz.1.2.8.tbd in Frameworks */ = {isa = PBXBuildFile; fileRef = 670793E41DDB32C000967D4B /* libz.1.2.8.tbd */; };
		670793E71DDB32C700967D4B /* QuartzCore.framework in Frameworks */ = {isa = PBXBuildFile; fileRef = 670793E61DDB32C700967D4B /* QuartzCore.framework */; };
		670793E91DDB32CF00967D4B /* MobileCoreServices.framework in Frameworks */ = {isa = PBXBuildFile; fileRef = 670793E81DDB32CF00967D4B /* MobileCoreServices.framework */; };
		670793EB1DDB32D400967D4B /* SystemConfiguration.framework in Frameworks */ = {isa = PBXBuildFile; fileRef = 670793EA1DDB32D400967D4B /* SystemConfiguration.framework */; };
		670793ED1DDB32DD00967D4B /* CFNetwork.framework in Frameworks */ = {isa = PBXBuildFile; fileRef = 670793EC1DDB32DD00967D4B /* CFNetwork.framework */; };
		6748F80E1DDB3C54006EB630 /* SFSlideNavViewController.m in Sources */ = {isa = PBXBuildFile; fileRef = 6748F80D1DDB3C54006EB630 /* SFSlideNavViewController.m */; };
		6748F8151DDBFD58006EB630 /* SFMessager.m in Sources */ = {isa = PBXBuildFile; fileRef = 6748F8141DDBFD58006EB630 /* SFMessager.m */; };
		6748F8181DDBFD9E006EB630 /* SFQuestion.m in Sources */ = {isa = PBXBuildFile; fileRef = 6748F8171DDBFD9E006EB630 /* SFQuestion.m */; };
		6748F81B1DDBFDBA006EB630 /* SFTools.m in Sources */ = {isa = PBXBuildFile; fileRef = 6748F81A1DDBFDBA006EB630 /* SFTools.m */; };
		67810F041DDB33B3006BF4F5 /* UIKit.framework in Frameworks */ = {isa = PBXBuildFile; fileRef = 67810F031DDB33B3006BF4F5 /* UIKit.framework */; };
		67810F061DDB33BB006BF4F5 /* Foundation.framework in Frameworks */ = {isa = PBXBuildFile; fileRef = 67810F051DDB33BB006BF4F5 /* Foundation.framework */; };
		67810F081DDB33C6006BF4F5 /* CoreGraphics.framework in Frameworks */ = {isa = PBXBuildFile; fileRef = 67810F071DDB33C6006BF4F5 /* CoreGraphics.framework */; };
		67810F101DDB3498006BF4F5 /* CHANGELOG.md in Sources */ = {isa = PBXBuildFile; fileRef = 67810F0C1DDB3498006BF4F5 /* CHANGELOG.md */; };
		67810F111DDB3498006BF4F5 /* JSONKit.m in Sources */ = {isa = PBXBuildFile; fileRef = 67810F0E1DDB3498006BF4F5 /* JSONKit.m */; settings = {COMPILER_FLAGS = "-fno-objc-arc"; }; };
		67810F121DDB3498006BF4F5 /* README.md in Sources */ = {isa = PBXBuildFile; fileRef = 67810F0F1DDB3498006BF4F5 /* README.md */; };
		67810F211DDB34C5006BF4F5 /* AFHTTPSessionManager.m in Sources */ = {isa = PBXBuildFile; fileRef = 67810F151DDB34C5006BF4F5 /* AFHTTPSessionManager.m */; };
		67810F221DDB34C5006BF4F5 /* AFNetworkReachabilityManager.m in Sources */ = {isa = PBXBuildFile; fileRef = 67810F181DDB34C5006BF4F5 /* AFNetworkReachabilityManager.m */; };
		67810F231DDB34C5006BF4F5 /* AFSecurityPolicy.m in Sources */ = {isa = PBXBuildFile; fileRef = 67810F1A1DDB34C5006BF4F5 /* AFSecurityPolicy.m */; };
		67810F241DDB34C5006BF4F5 /* AFURLRequestSerialization.m in Sources */ = {isa = PBXBuildFile; fileRef = 67810F1C1DDB34C5006BF4F5 /* AFURLRequestSerialization.m */; };
		67810F251DDB34C5006BF4F5 /* AFURLResponseSerialization.m in Sources */ = {isa = PBXBuildFile; fileRef = 67810F1E1DDB34C5006BF4F5 /* AFURLResponseSerialization.m */; };
		67810F261DDB34C5006BF4F5 /* AFURLSessionManager.m in Sources */ = {isa = PBXBuildFile; fileRef = 67810F201DDB34C5006BF4F5 /* AFURLSessionManager.m */; };
		67810F2A1DDB35A3006BF4F5 /* GTMNSString+HTML.m in Sources */ = {isa = PBXBuildFile; fileRef = 67810F291DDB35A3006BF4F5 /* GTMNSString+HTML.m */; settings = {COMPILER_FLAGS = "-fno-objc-arc"; }; };
		67810F3B1DDB3641006BF4F5 /* Kache.m in Sources */ = {isa = PBXBuildFile; fileRef = 67810F2E1DDB3641006BF4F5 /* Kache.m */; };
		67810F3C1DDB3641006BF4F5 /* KHolder.m in Sources */ = {isa = PBXBuildFile; fileRef = 67810F321DDB3641006BF4F5 /* KHolder.m */; };
		67810F3D1DDB3641006BF4F5 /* KObject.m in Sources */ = {isa = PBXBuildFile; fileRef = 67810F341DDB3641006BF4F5 /* KObject.m */; };
		67810F3E1DDB3641006BF4F5 /* KPool.m in Sources */ = {isa = PBXBuildFile; fileRef = 67810F361DDB3641006BF4F5 /* KPool.m */; };
		67810F3F1DDB3641006BF4F5 /* KQueue.m in Sources */ = {isa = PBXBuildFile; fileRef = 67810F381DDB3641006BF4F5 /* KQueue.m */; };
		67810F401DDB3641006BF4F5 /* KUtil.m in Sources */ = {isa = PBXBuildFile; fileRef = 67810F3A1DDB3641006BF4F5 /* KUtil.m */; };
		67810F491DDB3668006BF4F5 /* sr_refresh.png in Resources */ = {isa = PBXBuildFile; fileRef = 67810F421DDB3668006BF4F5 /* sr_refresh.png */; };
		67810F4A1DDB3668006BF4F5 /* sr_refresh@2X.png in Resources */ = {isa = PBXBuildFile; fileRef = 67810F431DDB3668006BF4F5 /* sr_refresh@2X.png */; };
		67810F4B1DDB3668006BF4F5 /* SRRefreshView.m in Sources */ = {isa = PBXBuildFile; fileRef = 67810F461DDB3668006BF4F5 /* SRRefreshView.m */; };
		67810F4C1DDB3668006BF4F5 /* SRSlimeView.m in Sources */ = {isa = PBXBuildFile; fileRef = 67810F481DDB3668006BF4F5 /* SRSlimeView.m */; };
		67810F621DDB367C006BF4F5 /* goBackItem.png in Resources */ = {isa = PBXBuildFile; fileRef = 67810F4E1DDB367C006BF4F5 /* goBackItem.png */; };
		67810F631DDB367C006BF4F5 /* goBackItem@2x.png in Resources */ = {isa = PBXBuildFile; fileRef = 67810F4F1DDB367C006BF4F5 /* goBackItem@2x.png */; };
		67810F641DDB367C006BF4F5 /* goForwardItem.png in Resources */ = {isa = PBXBuildFile; fileRef = 67810F501DDB367C006BF4F5 /* goForwardItem.png */; };
		67810F651DDB367C006BF4F5 /* goForwardItem@2x.png in Resources */ = {isa = PBXBuildFile; fileRef = 67810F511DDB367C006BF4F5 /* goForwardItem@2x.png */; };
		67810F661DDB367C006BF4F5 /* slide_navigator_shadow.png in Resources */ = {isa = PBXBuildFile; fileRef = 67810F521DDB367C006BF4F5 /* slide_navigator_shadow.png */; };
		67810F671DDB367C006BF4F5 /* slide_navigator_shadow@2x.png in Resources */ = {isa = PBXBuildFile; fileRef = 67810F531DDB367C006BF4F5 /* slide_navigator_shadow@2x.png */; };
		67810F681DDB367C006BF4F5 /* UIViewController+Ex.m in Sources */ = {isa = PBXBuildFile; fileRef = 67810F551DDB367C006BF4F5 /* UIViewController+Ex.m */; };
		67810F691DDB367C006BF4F5 /* UMNavigationController.m in Sources */ = {isa = PBXBuildFile; fileRef = 67810F571DDB367C006BF4F5 /* UMNavigationController.m */; };
		67810F6A1DDB367C006BF4F5 /* UMNavigator.m in Sources */ = {isa = PBXBuildFile; fileRef = 67810F591DDB367C006BF4F5 /* UMNavigator.m */; };
		67810F6B1DDB367C006BF4F5 /* UMSlideNavigationController.m in Sources */ = {isa = PBXBuildFile; fileRef = 67810F5B1DDB367C006BF4F5 /* UMSlideNavigationController.m */; };
		67810F6C1DDB367C006BF4F5 /* UMTools.m in Sources */ = {isa = PBXBuildFile; fileRef = 67810F5D1DDB367C006BF4F5 /* UMTools.m */; };
		67810F6D1DDB367C006BF4F5 /* UMViewController.m in Sources */ = {isa = PBXBuildFile; fileRef = 67810F5F1DDB367C006BF4F5 /* UMViewController.m */; };
		67810F6E1DDB367C006BF4F5 /* UMWebViewController.m in Sources */ = {isa = PBXBuildFile; fileRef = 67810F611DDB367C006BF4F5 /* UMWebViewController.m */; };
		67810FA31DDB3688006BF4F5 /* Default-568h@2x.png in Resources */ = {isa = PBXBuildFile; fileRef = 67810F701DDB3688006BF4F5 /* Default-568h@2x.png */; };
		67810FA41DDB3688006BF4F5 /* Default.png in Resources */ = {isa = PBXBuildFile; fileRef = 67810F711DDB3688006BF4F5 /* Default.png */; };
		67810FA51DDB3688006BF4F5 /* Default@2x.png in Resources */ = {isa = PBXBuildFile; fileRef = 67810F721DDB3688006BF4F5 /* Default@2x.png */; };
		67810FA61DDB3688006BF4F5 /* Icon-72.png in Resources */ = {isa = PBXBuildFile; fileRef = 67810F741DDB3688006BF4F5 /* Icon-72.png */; };
		67810FA71DDB3688006BF4F5 /* Icon-Small-50.png in Resources */ = {isa = PBXBuildFile; fileRef = 67810F751DDB3688006BF4F5 /* Icon-Small-50.png */; };
		67810FA81DDB3688006BF4F5 /* Icon-Small.png in Resources */ = {isa = PBXBuildFile; fileRef = 67810F761DDB3688006BF4F5 /* Icon-Small.png */; };
		67810FA91DDB3688006BF4F5 /* Icon-Small@2x.png in Resources */ = {isa = PBXBuildFile; fileRef = 67810F771DDB3688006BF4F5 /* Icon-Small@2x.png */; };
		67810FAA1DDB3688006BF4F5 /* Icon.png in Resources */ = {isa = PBXBuildFile; fileRef = 67810F781DDB3688006BF4F5 /* Icon.png */; };
		67810FAB1DDB3688006BF4F5 /* Icon@2x.png in Resources */ = {isa = PBXBuildFile; fileRef = 67810F791DDB3688006BF4F5 /* Icon@2x.png */; };
		67810FAC1DDB3688006BF4F5 /* iTunesArtwork.png in Resources */ = {isa = PBXBuildFile; fileRef = 67810F7A1DDB3688006BF4F5 /* iTunesArtwork.png */; };
		67810FAD1DDB3688006BF4F5 /* logout_btn.png in Resources */ = {isa = PBXBuildFile; fileRef = 67810F7C1DDB3688006BF4F5 /* logout_btn.png */; };
		67810FAE1DDB3688006BF4F5 /* logout_btn@2x.png in Resources */ = {isa = PBXBuildFile; fileRef = 67810F7D1DDB3688006BF4F5 /* logout_btn@2x.png */; };
		67810FAF1DDB3688006BF4F5 /* logout_btn_pressed.png in Resources */ = {isa = PBXBuildFile; fileRef = 67810F7E1DDB3688006BF4F5 /* logout_btn_pressed.png */; };
		67810FB01DDB3688006BF4F5 /* logout_btn_pressed@2x.png in Resources */ = {isa = PBXBuildFile; fileRef = 67810F7F1DDB3688006BF4F5 /* logout_btn_pressed@2x.png */; };
		67810FB11DDB3688006BF4F5 /* back_button_background.png in Resources */ = {isa = PBXBuildFile; fileRef = 67810F811DDB3688006BF4F5 /* back_button_background.png */; };
		67810FB21DDB3688006BF4F5 /* back_button_background@2x.png in Resources */ = {isa = PBXBuildFile; fileRef = 67810F821DDB3688006BF4F5 /* back_button_background@2x.png */; };
		67810FB31DDB3688006BF4F5 /* back_button_pressed_background.png in Resources */ = {isa = PBXBuildFile; fileRef = 67810F831DDB3688006BF4F5 /* back_button_pressed_background.png */; };
		67810FB41DDB3688006BF4F5 /* back_button_pressed_background@2x.png in Resources */ = {isa = PBXBuildFile; fileRef = 67810F841DDB3688006BF4F5 /* back_button_pressed_background@2x.png */; };
		67810FB51DDB3688006BF4F5 /* navigationbar_light_background.png in Resources */ = {isa = PBXBuildFile; fileRef = 67810F851DDB3688006BF4F5 /* navigationbar_light_background.png */; };
		67810FB61DDB3688006BF4F5 /* navigationbar_light_background@2x.png in Resources */ = {isa = PBXBuildFile; fileRef = 67810F861DDB3688006BF4F5 /* navigationbar_light_background@2x.png */; };
		67810FB71DDB3688006BF4F5 /* slide_navigator_button.png in Resources */ = {isa = PBXBuildFile; fileRef = 67810F871DDB3688006BF4F5 /* slide_navigator_button.png */; };
		67810FB81DDB3688006BF4F5 /* slide_navigator_button@2x.png in Resources */ = {isa = PBXBuildFile; fileRef = 67810F881DDB3688006BF4F5 /* slide_navigator_button@2x.png */; };
		67810FB91DDB3688006BF4F5 /* slide_navigator_button_pressed.png in Resources */ = {isa = PBXBuildFile; fileRef = 67810F891DDB3688006BF4F5 /* slide_navigator_button_pressed.png */; };
		67810FBA1DDB3688006BF4F5 /* slide_navigator_button_pressed@2x.png in Resources */ = {isa = PBXBuildFile; fileRef = 67810F8A1DDB3688006BF4F5 /* slide_navigator_button_pressed@2x.png */; };
		67810FBB1DDB3688006BF4F5 /* slide_navigator_cell_background.png in Resources */ = {isa = PBXBuildFile; fileRef = 67810F8B1DDB3688006BF4F5 /* slide_navigator_cell_background.png */; };
		67810FBC1DDB3688006BF4F5 /* slide_navigator_cell_background@2x.png in Resources */ = {isa = PBXBuildFile; fileRef = 67810F8C1DDB3688006BF4F5 /* slide_navigator_cell_background@2x.png */; };
		67810FBD1DDB3688006BF4F5 /* slide_navigator_cell_chevron.png in Resources */ = {isa = PBXBuildFile; fileRef = 67810F8D1DDB3688006BF4F5 /* slide_navigator_cell_chevron.png */; };
		67810FBE1DDB3688006BF4F5 /* slide_navigator_cell_chevron@2x.png in Resources */ = {isa = PBXBuildFile; fileRef = 67810F8E1DDB3688006BF4F5 /* slide_navigator_cell_chevron@2x.png */; };
		67810FBF1DDB3688006BF4F5 /* slide_navigator_cell_selected_background.png in Resources */ = {isa = PBXBuildFile; fileRef = 67810F8F1DDB3688006BF4F5 /* slide_navigator_cell_selected_background.png */; };
		67810FC01DDB3688006BF4F5 /* slide_navigator_cell_selected_background@2x.png in Resources */ = {isa = PBXBuildFile; fileRef = 67810F901DDB3688006BF4F5 /* slide_navigator_cell_selected_background@2x.png */; };
		67810FC11DDB3688006BF4F5 /* slide_navigator_cell_selected_chevron.png in Resources */ = {isa = PBXBuildFile; fileRef = 67810F911DDB3688006BF4F5 /* slide_navigator_cell_selected_chevron.png */; };
		67810FC21DDB3688006BF4F5 /* slide_navigator_cell_selected_chevron@2x.png in Resources */ = {isa = PBXBuildFile; fileRef = 67810F921DDB3688006BF4F5 /* slide_navigator_cell_selected_chevron@2x.png */; };
		67810FC31DDB3688006BF4F5 /* slide_navigator_dark_backgrond.png in Resources */ = {isa = PBXBuildFile; fileRef = 67810F931DDB3688006BF4F5 /* slide_navigator_dark_backgrond.png */; };
		67810FC41DDB3688006BF4F5 /* slide_navigator_dark_backgrond@2x.png in Resources */ = {isa = PBXBuildFile; fileRef = 67810F941DDB3688006BF4F5 /* slide_navigator_dark_backgrond@2x.png */; };
		67810FC51DDB3688006BF4F5 /* slide_navigator_light_backgrond.png in Resources */ = {isa = PBXBuildFile; fileRef = 67810F951DDB3688006BF4F5 /* slide_navigator_light_backgrond.png */; };
		67810FC61DDB3688006BF4F5 /* slide_navigator_light_backgrond@2x.png in Resources */ = {isa = PBXBuildFile; fileRef = 67810F961DDB3688006BF4F5 /* slide_navigator_light_backgrond@2x.png */; };
		67810FC71DDB3688006BF4F5 /* slide_navigator_section_header_background.png in Resources */ = {isa = PBXBuildFile; fileRef = 67810F971DDB3688006BF4F5 /* slide_navigator_section_header_background.png */; };
		67810FC81DDB3688006BF4F5 /* slide_navigator_section_header_background@2x.png in Resources */ = {isa = PBXBuildFile; fileRef = 67810F981DDB3688006BF4F5 /* slide_navigator_section_header_background@2x.png */; };
		67810FC91DDB3688006BF4F5 /* question_detail_section_header_background.png in Resources */ = {isa = PBXBuildFile; fileRef = 67810F9A1DDB3688006BF4F5 /* question_detail_section_header_background.png */; };
		67810FCA1DDB3688006BF4F5 /* question_detail_section_header_background@2x.png in Resources */ = {isa = PBXBuildFile; fileRef = 67810F9B1DDB3688006BF4F5 /* question_detail_section_header_background@2x.png */; };
		67810FCB1DDB3688006BF4F5 /* qlist_cell_pop.png in Resources */ = {isa = PBXBuildFile; fileRef = 67810F9D1DDB3688006BF4F5 /* qlist_cell_pop.png */; };
		67810FCC1DDB3688006BF4F5 /* qlist_cell_pop@2x.png in Resources */ = {isa = PBXBuildFile; fileRef = 67810F9E1DDB3688006BF4F5 /* qlist_cell_pop@2x.png */; };
		67810FCD1DDB3688006BF4F5 /* qlist_cell_pop_unanswered.png in Resources */ = {isa = PBXBuildFile; fileRef = 67810F9F1DDB3688006BF4F5 /* qlist_cell_pop_unanswered.png */; };
		67810FCE1DDB3688006BF4F5 /* qlist_cell_pop_unanswered@2x.png in Resources */ = {isa = PBXBuildFile; fileRef = 67810FA01DDB3688006BF4F5 /* qlist_cell_pop_unanswered@2x.png */; };
		67810FCF1DDB3688006BF4F5 /* qlist_cell_selected_background.png in Resources */ = {isa = PBXBuildFile; fileRef = 67810FA11DDB3688006BF4F5 /* qlist_cell_selected_background.png */; };
		67810FD01DDB3688006BF4F5 /* qlist_cell_selected_background@2x.png in Resources */ = {isa = PBXBuildFile; fileRef = 67810FA21DDB3688006BF4F5 /* qlist_cell_selected_background@2x.png */; };
		67810FE91DDB368C006BF4F5 /* nav_back.png in Resources */ = {isa = PBXBuildFile; fileRef = 67810FD31DDB368C006BF4F5 /* nav_back.png */; };
		67810FEA1DDB368C006BF4F5 /* nav_back@2x.png in Resources */ = {isa = PBXBuildFile; fileRef = 67810FD41DDB368C006BF4F5 /* nav_back@2x.png */; };
		67810FEB1DDB368C006BF4F5 /* nav_bar_bg.png in Resources */ = {isa = PBXBuildFile; fileRef = 67810FD51DDB368C006BF4F5 /* nav_bar_bg.png */; };
		67810FEC1DDB368C006BF4F5 /* nav_bar_bg@2x.png in Resources */ = {isa = PBXBuildFile; fileRef = 67810FD61DDB368C006BF4F5 /* nav_bar_bg@2x.png */; };
		67810FED1DDB368C006BF4F5 /* nav_cell_arrow.png in Resources */ = {isa = PBXBuildFile; fileRef = 67810FD71DDB368C006BF4F5 /* nav_cell_arrow.png */; };
		67810FEE1DDB368C006BF4F5 /* nav_cell_arrow@2x.png in Resources */ = {isa = PBXBuildFile; fileRef = 67810FD81DDB368C006BF4F5 /* nav_cell_arrow@2x.png */; };
		67810FEF1DDB368C006BF4F5 /* nav_cell_arrow_active.png in Resources */ = {isa = PBXBuildFile; fileRef = 67810FD91DDB368C006BF4F5 /* nav_cell_arrow_active.png */; };
		67810FF01DDB368C006BF4F5 /* nav_cell_arrow_active@2x.png in Resources */ = {isa = PBXBuildFile; fileRef = 67810FDA1DDB368C006BF4F5 /* nav_cell_arrow_active@2x.png */; };
		67810FF11DDB368C006BF4F5 /* nav_cell_bg.png in Resources */ = {isa = PBXBuildFile; fileRef = 67810FDB1DDB368C006BF4F5 /* nav_cell_bg.png */; };
		67810FF21DDB368C006BF4F5 /* nav_cell_bg@2x.png in Resources */ = {isa = PBXBuildFile; fileRef = 67810FDC1DDB368C006BF4F5 /* nav_cell_bg@2x.png */; };
		67810FF31DDB368C006BF4F5 /* nav_cell_bg_active.png in Resources */ = {isa = PBXBuildFile; fileRef = 67810FDD1DDB368C006BF4F5 /* nav_cell_bg_active.png */; };
		67810FF41DDB368C006BF4F5 /* nav_cell_bg_active@2x.png in Resources */ = {isa = PBXBuildFile; fileRef = 67810FDE1DDB368C006BF4F5 /* nav_cell_bg_active@2x.png */; };
		67810FF51DDB368C006BF4F5 /* nav_menu.png in Resources */ = {isa = PBXBuildFile; fileRef = 67810FDF1DDB368C006BF4F5 /* nav_menu.png */; };
		67810FF61DDB368C006BF4F5 /* nav_menu@2x.png in Resources */ = {isa = PBXBuildFile; fileRef = 67810FE01DDB368C006BF4F5 /* nav_menu@2x.png */; };
		67810FF71DDB368C006BF4F5 /* question_list_header_bg.png in Resources */ = {isa = PBXBuildFile; fileRef = 67810FE21DDB368C006BF4F5 /* question_list_header_bg.png */; };
		67810FF81DDB368C006BF4F5 /* question_list_header_bg@2x.png in Resources */ = {isa = PBXBuildFile; fileRef = 67810FE31DDB368C006BF4F5 /* question_list_header_bg@2x.png */; };
		67810FF91DDB368C006BF4F5 /* question_list_cell_sep.png in Resources */ = {isa = PBXBuildFile; fileRef = 67810FE51DDB368C006BF4F5 /* question_list_cell_sep.png */; };
		67810FFA1DDB368C006BF4F5 /* question_list_cell_sep@2x.png in Resources */ = {isa = PBXBuildFile; fileRef = 67810FE61DDB368C006BF4F5 /* question_list_cell_sep@2x.png */; };
		67810FFB1DDB368C006BF4F5 /* question_list_vote.png in Resources */ = {isa = PBXBuildFile; fileRef = 67810FE71DDB368C006BF4F5 /* question_list_vote.png */; };
		67810FFC1DDB368C006BF4F5 /* question_list_vote@2x.png in Resources */ = {isa = PBXBuildFile; fileRef = 67810FE81DDB368C006BF4F5 /* question_list_vote@2x.png */; };
		67AF66151DDC519C007D4FAB /* SFLoginService.m in Sources */ = {isa = PBXBuildFile; fileRef = 67AF66141DDC519C007D4FAB /* SFLoginService.m */; };
		67AF66191DDC6DAC007D4FAB /* SFRootViewController.m in Sources */ = {isa = PBXBuildFile; fileRef = 67AF66181DDC6DAC007D4FAB /* SFRootViewController.m */; };
		67AF661C1DDC71EE007D4FAB /* SFQuestionListViewController.m in Sources */ = {isa = PBXBuildFile; fileRef = 67AF661B1DDC71EE007D4FAB /* SFQuestionListViewController.m */; };
/* End PBXBuildFile section */

/* Begin PBXContainerItemProxy section */
		670793BF1DDB260B00967D4B /* PBXContainerItemProxy */ = {
			isa = PBXContainerItemProxy;
			containerPortal = 6707939D1DDB260B00967D4B /* Project object */;
			proxyType = 1;
			remoteGlobalIDString = 670793A41DDB260B00967D4B;
			remoteInfo = SegmentFault;
		};
		670793CA1DDB260C00967D4B /* PBXContainerItemProxy */ = {
			isa = PBXContainerItemProxy;
			containerPortal = 6707939D1DDB260B00967D4B /* Project object */;
			proxyType = 1;
			remoteGlobalIDString = 670793A41DDB260B00967D4B;
			remoteInfo = SegmentFault;
		};
/* End PBXContainerItemProxy section */

/* Begin PBXFileReference section */
		670793A51DDB260B00967D4B /* SegmentFault.app */ = {isa = PBXFileReference; explicitFileType = wrapper.application; includeInIndex = 0; path = SegmentFault.app; sourceTree = BUILT_PRODUCTS_DIR; };
		670793A91DDB260B00967D4B /* main.m */ = {isa = PBXFileReference; lastKnownFileType = sourcecode.c.objc; path = main.m; sourceTree = "<group>"; };
		670793AB1DDB260B00967D4B /* SFAppDelegate.h */ = {isa = PBXFileReference; lastKnownFileType = sourcecode.c.h; path = SFAppDelegate.h; sourceTree = "<group>"; };
		670793AC1DDB260B00967D4B /* SFAppDelegate.m */ = {isa = PBXFileReference; lastKnownFileType = sourcecode.c.objc; path = SFAppDelegate.m; sourceTree = "<group>"; };
		670793B41DDB260B00967D4B /* Assets.xcassets */ = {isa = PBXFileReference; lastKnownFileType = folder.assetcatalog; path = Assets.xcassets; sourceTree = "<group>"; };
		670793B71DDB260B00967D4B /* Base */ = {isa = PBXFileReference; lastKnownFileType = file.storyboard; name = Base; path = Base.lproj/LaunchScreen.storyboard; sourceTree = "<group>"; };
		670793B91DDB260B00967D4B /* Info.plist */ = {isa = PBXFileReference; lastKnownFileType = text.plist.xml; path = Info.plist; sourceTree = "<group>"; };
		670793BE1DDB260B00967D4B /* SegmentFaultTests.xctest */ = {isa = PBXFileReference; explicitFileType = wrapper.cfbundle; includeInIndex = 0; path = SegmentFaultTests.xctest; sourceTree = BUILT_PRODUCTS_DIR; };
		670793C21DDB260C00967D4B /* SegmentFaultTests.m */ = {isa = PBXFileReference; lastKnownFileType = sourcecode.c.objc; path = SegmentFaultTests.m; sourceTree = "<group>"; };
		670793C41DDB260C00967D4B /* Info.plist */ = {isa = PBXFileReference; lastKnownFileType = text.plist.xml; path = Info.plist; sourceTree = "<group>"; };
		670793C91DDB260C00967D4B /* SegmentFaultUITests.xctest */ = {isa = PBXFileReference; explicitFileType = wrapper.cfbundle; includeInIndex = 0; path = SegmentFaultUITests.xctest; sourceTree = BUILT_PRODUCTS_DIR; };
		670793CD1DDB260C00967D4B /* SegmentFaultUITests.m */ = {isa = PBXFileReference; lastKnownFileType = sourcecode.c.objc; path = SegmentFaultUITests.m; sourceTree = "<group>"; };
		670793CF1DDB260C00967D4B /* Info.plist */ = {isa = PBXFileReference; lastKnownFileType = text.plist.xml; path = Info.plist; sourceTree = "<group>"; };
		670793E41DDB32C000967D4B /* libz.1.2.8.tbd */ = {isa = PBXFileReference; lastKnownFileType = "sourcecode.text-based-dylib-definition"; name = libz.1.2.8.tbd; path = usr/lib/libz.1.2.8.tbd; sourceTree = SDKROOT; };
		670793E61DDB32C700967D4B /* QuartzCore.framework */ = {isa = PBXFileReference; lastKnownFileType = wrapper.framework; name = QuartzCore.framework; path = System/Library/Frameworks/QuartzCore.framework; sourceTree = SDKROOT; };
		670793E81DDB32CF00967D4B /* MobileCoreServices.framework */ = {isa = PBXFileReference; lastKnownFileType = wrapper.framework; name = MobileCoreServices.framework; path = System/Library/Frameworks/MobileCoreServices.framework; sourceTree = SDKROOT; };
		670793EA1DDB32D400967D4B /* SystemConfiguration.framework */ = {isa = PBXFileReference; lastKnownFileType = wrapper.framework; name = SystemConfiguration.framework; path = System/Library/Frameworks/SystemConfiguration.framework; sourceTree = SDKROOT; };
		670793EC1DDB32DD00967D4B /* CFNetwork.framework */ = {isa = PBXFileReference; lastKnownFileType = wrapper.framework; name = CFNetwork.framework; path = System/Library/Frameworks/CFNetwork.framework; sourceTree = SDKROOT; };
		6748F80C1DDB3C54006EB630 /* SFSlideNavViewController.h */ = {isa = PBXFileReference; fileEncoding = 4; lastKnownFileType = sourcecode.c.h; path = SFSlideNavViewController.h; sourceTree = "<group>"; };
		6748F80D1DDB3C54006EB630 /* SFSlideNavViewController.m */ = {isa = PBXFileReference; fileEncoding = 4; lastKnownFileType = sourcecode.c.objc; path = SFSlideNavViewController.m; sourceTree = "<group>"; };
		6748F80F1DDBFC2A006EB630 /* SegmentFault-Prefix.pch */ = {isa = PBXFileReference; lastKnownFileType = sourcecode.c.h; path = "SegmentFault-Prefix.pch"; sourceTree = "<group>"; };
		6748F8131DDBFD58006EB630 /* SFMessager.h */ = {isa = PBXFileReference; fileEncoding = 4; lastKnownFileType = sourcecode.c.h; path = SFMessager.h; sourceTree = "<group>"; };
		6748F8141DDBFD58006EB630 /* SFMessager.m */ = {isa = PBXFileReference; fileEncoding = 4; lastKnownFileType = sourcecode.c.objc; path = SFMessager.m; sourceTree = "<group>"; };
		6748F8161DDBFD9E006EB630 /* SFQuestion.h */ = {isa = PBXFileReference; fileEncoding = 4; lastKnownFileType = sourcecode.c.h; path = SFQuestion.h; sourceTree = "<group>"; };
		6748F8171DDBFD9E006EB630 /* SFQuestion.m */ = {isa = PBXFileReference; fileEncoding = 4; lastKnownFileType = sourcecode.c.objc; path = SFQuestion.m; sourceTree = "<group>"; };
		6748F8191DDBFDBA006EB630 /* SFTools.h */ = {isa = PBXFileReference; fileEncoding = 4; lastKnownFileType = sourcecode.c.h; path = SFTools.h; sourceTree = "<group>"; };
		6748F81A1DDBFDBA006EB630 /* SFTools.m */ = {isa = PBXFileReference; fileEncoding = 4; lastKnownFileType = sourcecode.c.objc; path = SFTools.m; sourceTree = "<group>"; };
		67810F031DDB33B3006BF4F5 /* UIKit.framework */ = {isa = PBXFileReference; lastKnownFileType = wrapper.framework; name = UIKit.framework; path = System/Library/Frameworks/UIKit.framework; sourceTree = SDKROOT; };
		67810F051DDB33BB006BF4F5 /* Foundation.framework */ = {isa = PBXFileReference; lastKnownFileType = wrapper.framework; name = Foundation.framework; path = System/Library/Frameworks/Foundation.framework; sourceTree = SDKROOT; };
		67810F071DDB33C6006BF4F5 /* CoreGraphics.framework */ = {isa = PBXFileReference; lastKnownFileType = wrapper.framework; name = CoreGraphics.framework; path = System/Library/Frameworks/CoreGraphics.framework; sourceTree = SDKROOT; };
		67810F0C1DDB3498006BF4F5 /* CHANGELOG.md */ = {isa = PBXFileReference; fileEncoding = 4; lastKnownFileType = net.daringfireball.markdown; path = CHANGELOG.md; sourceTree = "<group>"; };
		67810F0D1DDB3498006BF4F5 /* JSONKit.h */ = {isa = PBXFileReference; fileEncoding = 4; lastKnownFileType = sourcecode.c.h; path = JSONKit.h; sourceTree = "<group>"; };
		67810F0E1DDB3498006BF4F5 /* JSONKit.m */ = {isa = PBXFileReference; fileEncoding = 4; lastKnownFileType = sourcecode.c.objc; path = JSONKit.m; sourceTree = "<group>"; };
		67810F0F1DDB3498006BF4F5 /* README.md */ = {isa = PBXFileReference; fileEncoding = 4; lastKnownFileType = net.daringfireball.markdown; path = README.md; sourceTree = "<group>"; };
		67810F141DDB34C5006BF4F5 /* AFHTTPSessionManager.h */ = {isa = PBXFileReference; fileEncoding = 4; lastKnownFileType = sourcecode.c.h; path = AFHTTPSessionManager.h; sourceTree = "<group>"; };
		67810F151DDB34C5006BF4F5 /* AFHTTPSessionManager.m */ = {isa = PBXFileReference; fileEncoding = 4; lastKnownFileType = sourcecode.c.objc; path = AFHTTPSessionManager.m; sourceTree = "<group>"; };
		67810F161DDB34C5006BF4F5 /* AFNetworking.h */ = {isa = PBXFileReference; fileEncoding = 4; lastKnownFileType = sourcecode.c.h; path = AFNetworking.h; sourceTree = "<group>"; };
		67810F171DDB34C5006BF4F5 /* AFNetworkReachabilityManager.h */ = {isa = PBXFileReference; fileEncoding = 4; lastKnownFileType = sourcecode.c.h; path = AFNetworkReachabilityManager.h; sourceTree = "<group>"; };
		67810F181DDB34C5006BF4F5 /* AFNetworkReachabilityManager.m */ = {isa = PBXFileReference; fileEncoding = 4; lastKnownFileType = sourcecode.c.objc; path = AFNetworkReachabilityManager.m; sourceTree = "<group>"; };
		67810F191DDB34C5006BF4F5 /* AFSecurityPolicy.h */ = {isa = PBXFileReference; fileEncoding = 4; lastKnownFileType = sourcecode.c.h; path = AFSecurityPolicy.h; sourceTree = "<group>"; };
		67810F1A1DDB34C5006BF4F5 /* AFSecurityPolicy.m */ = {isa = PBXFileReference; fileEncoding = 4; lastKnownFileType = sourcecode.c.objc; path = AFSecurityPolicy.m; sourceTree = "<group>"; };
		67810F1B1DDB34C5006BF4F5 /* AFURLRequestSerialization.h */ = {isa = PBXFileReference; fileEncoding = 4; lastKnownFileType = sourcecode.c.h; path = AFURLRequestSerialization.h; sourceTree = "<group>"; };
		67810F1C1DDB34C5006BF4F5 /* AFURLRequestSerialization.m */ = {isa = PBXFileReference; fileEncoding = 4; lastKnownFileType = sourcecode.c.objc; path = AFURLRequestSerialization.m; sourceTree = "<group>"; };
		67810F1D1DDB34C5006BF4F5 /* AFURLResponseSerialization.h */ = {isa = PBXFileReference; fileEncoding = 4; lastKnownFileType = sourcecode.c.h; path = AFURLResponseSerialization.h; sourceTree = "<group>"; };
		67810F1E1DDB34C5006BF4F5 /* AFURLResponseSerialization.m */ = {isa = PBXFileReference; fileEncoding = 4; lastKnownFileType = sourcecode.c.objc; path = AFURLResponseSerialization.m; sourceTree = "<group>"; };
		67810F1F1DDB34C5006BF4F5 /* AFURLSessionManager.h */ = {isa = PBXFileReference; fileEncoding = 4; lastKnownFileType = sourcecode.c.h; path = AFURLSessionManager.h; sourceTree = "<group>"; };
		67810F201DDB34C5006BF4F5 /* AFURLSessionManager.m */ = {isa = PBXFileReference; fileEncoding = 4; lastKnownFileType = sourcecode.c.objc; path = AFURLSessionManager.m; sourceTree = "<group>"; };
		67810F281DDB35A3006BF4F5 /* GTMNSString+HTML.h */ = {isa = PBXFileReference; fileEncoding = 4; lastKnownFileType = sourcecode.c.h; name = "GTMNSString+HTML.h"; path = "Support/GTM/Foundation/GTMNSString+HTML.h"; sourceTree = "<group>"; };
		67810F291DDB35A3006BF4F5 /* GTMNSString+HTML.m */ = {isa = PBXFileReference; fileEncoding = 4; lastKnownFileType = sourcecode.c.objc; name = "GTMNSString+HTML.m"; path = "Support/GTM/Foundation/GTMNSString+HTML.m"; sourceTree = "<group>"; };
		67810F2B1DDB3623006BF4F5 /* GTMDefines.h */ = {isa = PBXFileReference; lastKnownFileType = sourcecode.c.h; name = GTMDefines.h; path = Support/GTM/GTMDefines.h; sourceTree = "<group>"; };
		67810F2D1DDB3641006BF4F5 /* Kache.h */ = {isa = PBXFileReference; fileEncoding = 4; lastKnownFileType = sourcecode.c.h; path = Kache.h; sourceTree = "<group>"; };
		67810F2E1DDB3641006BF4F5 /* Kache.m */ = {isa = PBXFileReference; fileEncoding = 4; lastKnownFileType = sourcecode.c.objc; path = Kache.m; sourceTree = "<group>"; };
		67810F2F1DDB3641006BF4F5 /* KCH.h */ = {isa = PBXFileReference; fileEncoding = 4; lastKnownFileType = sourcecode.c.h; path = KCH.h; sourceTree = "<group>"; };
		67810F301DDB3641006BF4F5 /* KConfig.h */ = {isa = PBXFileReference; fileEncoding = 4; lastKnownFileType = sourcecode.c.h; path = KConfig.h; sourceTree = "<group>"; };
		67810F311DDB3641006BF4F5 /* KHolder.h */ = {isa = PBXFileReference; fileEncoding = 4; lastKnownFileType = sourcecode.c.h; path = KHolder.h; sourceTree = "<group>"; };
		67810F321DDB3641006BF4F5 /* KHolder.m */ = {isa = PBXFileReference; fileEncoding = 4; lastKnownFileType = sourcecode.c.objc; path = KHolder.m; sourceTree = "<group>"; };
		67810F331DDB3641006BF4F5 /* KObject.h */ = {isa = PBXFileReference; fileEncoding = 4; lastKnownFileType = sourcecode.c.h; path = KObject.h; sourceTree = "<group>"; };
		67810F341DDB3641006BF4F5 /* KObject.m */ = {isa = PBXFileReference; fileEncoding = 4; lastKnownFileType = sourcecode.c.objc; path = KObject.m; sourceTree = "<group>"; };
		67810F351DDB3641006BF4F5 /* KPool.h */ = {isa = PBXFileReference; fileEncoding = 4; lastKnownFileType = sourcecode.c.h; path = KPool.h; sourceTree = "<group>"; };
		67810F361DDB3641006BF4F5 /* KPool.m */ = {isa = PBXFileReference; fileEncoding = 4; lastKnownFileType = sourcecode.c.objc; path = KPool.m; sourceTree = "<group>"; };
		67810F371DDB3641006BF4F5 /* KQueue.h */ = {isa = PBXFileReference; fileEncoding = 4; lastKnownFileType = sourcecode.c.h; path = KQueue.h; sourceTree = "<group>"; };
		67810F381DDB3641006BF4F5 /* KQueue.m */ = {isa = PBXFileReference; fileEncoding = 4; lastKnownFileType = sourcecode.c.objc; path = KQueue.m; sourceTree = "<group>"; };
		67810F391DDB3641006BF4F5 /* KUtil.h */ = {isa = PBXFileReference; fileEncoding = 4; lastKnownFileType = sourcecode.c.h; path = KUtil.h; sourceTree = "<group>"; };
		67810F3A1DDB3641006BF4F5 /* KUtil.m */ = {isa = PBXFileReference; fileEncoding = 4; lastKnownFileType = sourcecode.c.objc; path = KUtil.m; sourceTree = "<group>"; };
		67810F421DDB3668006BF4F5 /* sr_refresh.png */ = {isa = PBXFileReference; lastKnownFileType = image.png; path = sr_refresh.png; sourceTree = "<group>"; };
		67810F431DDB3668006BF4F5 /* sr_refresh@2X.png */ = {isa = PBXFileReference; lastKnownFileType = image.png; path = "sr_refresh@2X.png"; sourceTree = "<group>"; };
		67810F441DDB3668006BF4F5 /* SRDefine.h */ = {isa = PBXFileReference; fileEncoding = 4; lastKnownFileType = sourcecode.c.h; path = SRDefine.h; sourceTree = "<group>"; };
		67810F451DDB3668006BF4F5 /* SRRefreshView.h */ = {isa = PBXFileReference; fileEncoding = 4; lastKnownFileType = sourcecode.c.h; path = SRRefreshView.h; sourceTree = "<group>"; };
		67810F461DDB3668006BF4F5 /* SRRefreshView.m */ = {isa = PBXFileReference; fileEncoding = 4; lastKnownFileType = sourcecode.c.objc; path = SRRefreshView.m; sourceTree = "<group>"; };
		67810F471DDB3668006BF4F5 /* SRSlimeView.h */ = {isa = PBXFileReference; fileEncoding = 4; lastKnownFileType = sourcecode.c.h; path = SRSlimeView.h; sourceTree = "<group>"; };
		67810F481DDB3668006BF4F5 /* SRSlimeView.m */ = {isa = PBXFileReference; fileEncoding = 4; lastKnownFileType = sourcecode.c.objc; path = SRSlimeView.m; sourceTree = "<group>"; };
		67810F4E1DDB367C006BF4F5 /* goBackItem.png */ = {isa = PBXFileReference; lastKnownFileType = image.png; path = goBackItem.png; sourceTree = "<group>"; };
		67810F4F1DDB367C006BF4F5 /* goBackItem@2x.png */ = {isa = PBXFileReference; lastKnownFileType = image.png; path = "goBackItem@2x.png"; sourceTree = "<group>"; };
		67810F501DDB367C006BF4F5 /* goForwardItem.png */ = {isa = PBXFileReference; lastKnownFileType = image.png; path = goForwardItem.png; sourceTree = "<group>"; };
		67810F511DDB367C006BF4F5 /* goForwardItem@2x.png */ = {isa = PBXFileReference; lastKnownFileType = image.png; path = "goForwardItem@2x.png"; sourceTree = "<group>"; };
		67810F521DDB367C006BF4F5 /* slide_navigator_shadow.png */ = {isa = PBXFileReference; lastKnownFileType = image.png; path = slide_navigator_shadow.png; sourceTree = "<group>"; };
		67810F531DDB367C006BF4F5 /* slide_navigator_shadow@2x.png */ = {isa = PBXFileReference; lastKnownFileType = image.png; path = "slide_navigator_shadow@2x.png"; sourceTree = "<group>"; };
		67810F541DDB367C006BF4F5 /* UIViewController+Ex.h */ = {isa = PBXFileReference; fileEncoding = 4; lastKnownFileType = sourcecode.c.h; path = "UIViewController+Ex.h"; sourceTree = "<group>"; };
		67810F551DDB367C006BF4F5 /* UIViewController+Ex.m */ = {isa = PBXFileReference; fileEncoding = 4; lastKnownFileType = sourcecode.c.objc; path = "UIViewController+Ex.m"; sourceTree = "<group>"; };
		67810F561DDB367C006BF4F5 /* UMNavigationController.h */ = {isa = PBXFileReference; fileEncoding = 4; lastKnownFileType = sourcecode.c.h; path = UMNavigationController.h; sourceTree = "<group>"; };
		67810F571DDB367C006BF4F5 /* UMNavigationController.m */ = {isa = PBXFileReference; fileEncoding = 4; lastKnownFileType = sourcecode.c.objc; path = UMNavigationController.m; sourceTree = "<group>"; };
		67810F581DDB367C006BF4F5 /* UMNavigator.h */ = {isa = PBXFileReference; fileEncoding = 4; lastKnownFileType = sourcecode.c.h; path = UMNavigator.h; sourceTree = "<group>"; };
		67810F591DDB367C006BF4F5 /* UMNavigator.m */ = {isa = PBXFileReference; fileEncoding = 4; lastKnownFileType = sourcecode.c.objc; path = UMNavigator.m; sourceTree = "<group>"; };
		67810F5A1DDB367C006BF4F5 /* UMSlideNavigationController.h */ = {isa = PBXFileReference; fileEncoding = 4; lastKnownFileType = sourcecode.c.h; path = UMSlideNavigationController.h; sourceTree = "<group>"; };
		67810F5B1DDB367C006BF4F5 /* UMSlideNavigationController.m */ = {isa = PBXFileReference; fileEncoding = 4; lastKnownFileType = sourcecode.c.objc; path = UMSlideNavigationController.m; sourceTree = "<group>"; };
		67810F5C1DDB367C006BF4F5 /* UMTools.h */ = {isa = PBXFileReference; fileEncoding = 4; lastKnownFileType = sourcecode.c.h; path = UMTools.h; sourceTree = "<group>"; };
		67810F5D1DDB367C006BF4F5 /* UMTools.m */ = {isa = PBXFileReference; fileEncoding = 4; lastKnownFileType = sourcecode.c.objc; path = UMTools.m; sourceTree = "<group>"; };
		67810F5E1DDB367C006BF4F5 /* UMViewController.h */ = {isa = PBXFileReference; fileEncoding = 4; lastKnownFileType = sourcecode.c.h; path = UMViewController.h; sourceTree = "<group>"; };
		67810F5F1DDB367C006BF4F5 /* UMViewController.m */ = {isa = PBXFileReference; fileEncoding = 4; lastKnownFileType = sourcecode.c.objc; path = UMViewController.m; sourceTree = "<group>"; };
		67810F601DDB367C006BF4F5 /* UMWebViewController.h */ = {isa = PBXFileReference; fileEncoding = 4; lastKnownFileType = sourcecode.c.h; path = UMWebViewController.h; sourceTree = "<group>"; };
		67810F611DDB367C006BF4F5 /* UMWebViewController.m */ = {isa = PBXFileReference; fileEncoding = 4; lastKnownFileType = sourcecode.c.objc; path = UMWebViewController.m; sourceTree = "<group>"; };
		67810F701DDB3688006BF4F5 /* Default-568h@2x.png */ = {isa = PBXFileReference; lastKnownFileType = image.png; path = "Default-568h@2x.png"; sourceTree = "<group>"; };
		67810F711DDB3688006BF4F5 /* Default.png */ = {isa = PBXFileReference; lastKnownFileType = image.png; path = Default.png; sourceTree = "<group>"; };
		67810F721DDB3688006BF4F5 /* Default@2x.png */ = {isa = PBXFileReference; lastKnownFileType = image.png; path = "Default@2x.png"; sourceTree = "<group>"; };
		67810F741DDB3688006BF4F5 /* Icon-72.png */ = {isa = PBXFileReference; lastKnownFileType = image.png; path = "Icon-72.png"; sourceTree = "<group>"; };
		67810F751DDB3688006BF4F5 /* Icon-Small-50.png */ = {isa = PBXFileReference; lastKnownFileType = image.png; path = "Icon-Small-50.png"; sourceTree = "<group>"; };
		67810F761DDB3688006BF4F5 /* Icon-Small.png */ = {isa = PBXFileReference; lastKnownFileType = image.png; path = "Icon-Small.png"; sourceTree = "<group>"; };
		67810F771DDB3688006BF4F5 /* Icon-Small@2x.png */ = {isa = PBXFileReference; lastKnownFileType = image.png; path = "Icon-Small@2x.png"; sourceTree = "<group>"; };
		67810F781DDB3688006BF4F5 /* Icon.png */ = {isa = PBXFileReference; lastKnownFileType = image.png; path = Icon.png; sourceTree = "<group>"; };
		67810F791DDB3688006BF4F5 /* Icon@2x.png */ = {isa = PBXFileReference; lastKnownFileType = image.png; path = "Icon@2x.png"; sourceTree = "<group>"; };
		67810F7A1DDB3688006BF4F5 /* iTunesArtwork.png */ = {isa = PBXFileReference; lastKnownFileType = image.png; path = iTunesArtwork.png; sourceTree = "<group>"; };
		67810F7C1DDB3688006BF4F5 /* logout_btn.png */ = {isa = PBXFileReference; lastKnownFileType = image.png; path = logout_btn.png; sourceTree = "<group>"; };
		67810F7D1DDB3688006BF4F5 /* logout_btn@2x.png */ = {isa = PBXFileReference; lastKnownFileType = image.png; path = "logout_btn@2x.png"; sourceTree = "<group>"; };
		67810F7E1DDB3688006BF4F5 /* logout_btn_pressed.png */ = {isa = PBXFileReference; lastKnownFileType = image.png; path = logout_btn_pressed.png; sourceTree = "<group>"; };
		67810F7F1DDB3688006BF4F5 /* logout_btn_pressed@2x.png */ = {isa = PBXFileReference; lastKnownFileType = image.png; path = "logout_btn_pressed@2x.png"; sourceTree = "<group>"; };
		67810F811DDB3688006BF4F5 /* back_button_background.png */ = {isa = PBXFileReference; lastKnownFileType = image.png; path = back_button_background.png; sourceTree = "<group>"; };
		67810F821DDB3688006BF4F5 /* back_button_background@2x.png */ = {isa = PBXFileReference; lastKnownFileType = image.png; path = "back_button_background@2x.png"; sourceTree = "<group>"; };
		67810F831DDB3688006BF4F5 /* back_button_pressed_background.png */ = {isa = PBXFileReference; lastKnownFileType = image.png; path = back_button_pressed_background.png; sourceTree = "<group>"; };
		67810F841DDB3688006BF4F5 /* back_button_pressed_background@2x.png */ = {isa = PBXFileReference; lastKnownFileType = image.png; path = "back_button_pressed_background@2x.png"; sourceTree = "<group>"; };
		67810F851DDB3688006BF4F5 /* navigationbar_light_background.png */ = {isa = PBXFileReference; lastKnownFileType = image.png; path = navigationbar_light_background.png; sourceTree = "<group>"; };
		67810F861DDB3688006BF4F5 /* navigationbar_light_background@2x.png */ = {isa = PBXFileReference; lastKnownFileType = image.png; path = "navigationbar_light_background@2x.png"; sourceTree = "<group>"; };
		67810F871DDB3688006BF4F5 /* slide_navigator_button.png */ = {isa = PBXFileReference; lastKnownFileType = image.png; path = slide_navigator_button.png; sourceTree = "<group>"; };
		67810F881DDB3688006BF4F5 /* slide_navigator_button@2x.png */ = {isa = PBXFileReference; lastKnownFileType = image.png; path = "slide_navigator_button@2x.png"; sourceTree = "<group>"; };
		67810F891DDB3688006BF4F5 /* slide_navigator_button_pressed.png */ = {isa = PBXFileReference; lastKnownFileType = image.png; path = slide_navigator_button_pressed.png; sourceTree = "<group>"; };
		67810F8A1DDB3688006BF4F5 /* slide_navigator_button_pressed@2x.png */ = {isa = PBXFileReference; lastKnownFileType = image.png; path = "slide_navigator_button_pressed@2x.png"; sourceTree = "<group>"; };
		67810F8B1DDB3688006BF4F5 /* slide_navigator_cell_background.png */ = {isa = PBXFileReference; lastKnownFileType = image.png; path = slide_navigator_cell_background.png; sourceTree = "<group>"; };
		67810F8C1DDB3688006BF4F5 /* slide_navigator_cell_background@2x.png */ = {isa = PBXFileReference; lastKnownFileType = image.png; path = "slide_navigator_cell_background@2x.png"; sourceTree = "<group>"; };
		67810F8D1DDB3688006BF4F5 /* slide_navigator_cell_chevron.png */ = {isa = PBXFileReference; lastKnownFileType = image.png; path = slide_navigator_cell_chevron.png; sourceTree = "<group>"; };
		67810F8E1DDB3688006BF4F5 /* slide_navigator_cell_chevron@2x.png */ = {isa = PBXFileReference; lastKnownFileType = image.png; path = "slide_navigator_cell_chevron@2x.png"; sourceTree = "<group>"; };
		67810F8F1DDB3688006BF4F5 /* slide_navigator_cell_selected_background.png */ = {isa = PBXFileReference; lastKnownFileType = image.png; path = slide_navigator_cell_selected_background.png; sourceTree = "<group>"; };
		67810F901DDB3688006BF4F5 /* slide_navigator_cell_selected_background@2x.png */ = {isa = PBXFileReference; lastKnownFileType = image.png; path = "slide_navigator_cell_selected_background@2x.png"; sourceTree = "<group>"; };
		67810F911DDB3688006BF4F5 /* slide_navigator_cell_selected_chevron.png */ = {isa = PBXFileReference; lastKnownFileType = image.png; path = slide_navigator_cell_selected_chevron.png; sourceTree = "<group>"; };
		67810F921DDB3688006BF4F5 /* slide_navigator_cell_selected_chevron@2x.png */ = {isa = PBXFileReference; lastKnownFileType = image.png; path = "slide_navigator_cell_selected_chevron@2x.png"; sourceTree = "<group>"; };
		67810F931DDB3688006BF4F5 /* slide_navigator_dark_backgrond.png */ = {isa = PBXFileReference; lastKnownFileType = image.png; path = slide_navigator_dark_backgrond.png; sourceTree = "<group>"; };
		67810F941DDB3688006BF4F5 /* slide_navigator_dark_backgrond@2x.png */ = {isa = PBXFileReference; lastKnownFileType = image.png; path = "slide_navigator_dark_backgrond@2x.png"; sourceTree = "<group>"; };
		67810F951DDB3688006BF4F5 /* slide_navigator_light_backgrond.png */ = {isa = PBXFileReference; lastKnownFileType = image.png; path = slide_navigator_light_backgrond.png; sourceTree = "<group>"; };
		67810F961DDB3688006BF4F5 /* slide_navigator_light_backgrond@2x.png */ = {isa = PBXFileReference; lastKnownFileType = image.png; path = "slide_navigator_light_backgrond@2x.png"; sourceTree = "<group>"; };
		67810F971DDB3688006BF4F5 /* slide_navigator_section_header_background.png */ = {isa = PBXFileReference; lastKnownFileType = image.png; path = slide_navigator_section_header_background.png; sourceTree = "<group>"; };
		67810F981DDB3688006BF4F5 /* slide_navigator_section_header_background@2x.png */ = {isa = PBXFileReference; lastKnownFileType = image.png; path = "slide_navigator_section_header_background@2x.png"; sourceTree = "<group>"; };
		67810F9A1DDB3688006BF4F5 /* question_detail_section_header_background.png */ = {isa = PBXFileReference; lastKnownFileType = image.png; path = question_detail_section_header_background.png; sourceTree = "<group>"; };
		67810F9B1DDB3688006BF4F5 /* question_detail_section_header_background@2x.png */ = {isa = PBXFileReference; lastKnownFileType = image.png; path = "question_detail_section_header_background@2x.png"; sourceTree = "<group>"; };
		67810F9D1DDB3688006BF4F5 /* qlist_cell_pop.png */ = {isa = PBXFileReference; lastKnownFileType = image.png; path = qlist_cell_pop.png; sourceTree = "<group>"; };
		67810F9E1DDB3688006BF4F5 /* qlist_cell_pop@2x.png */ = {isa = PBXFileReference; lastKnownFileType = image.png; path = "qlist_cell_pop@2x.png"; sourceTree = "<group>"; };
		67810F9F1DDB3688006BF4F5 /* qlist_cell_pop_unanswered.png */ = {isa = PBXFileReference; lastKnownFileType = image.png; path = qlist_cell_pop_unanswered.png; sourceTree = "<group>"; };
		67810FA01DDB3688006BF4F5 /* qlist_cell_pop_unanswered@2x.png */ = {isa = PBXFileReference; lastKnownFileType = image.png; path = "qlist_cell_pop_unanswered@2x.png"; sourceTree = "<group>"; };
		67810FA11DDB3688006BF4F5 /* qlist_cell_selected_background.png */ = {isa = PBXFileReference; lastKnownFileType = image.png; path = qlist_cell_selected_background.png; sourceTree = "<group>"; };
		67810FA21DDB3688006BF4F5 /* qlist_cell_selected_background@2x.png */ = {isa = PBXFileReference; lastKnownFileType = image.png; path = "qlist_cell_selected_background@2x.png"; sourceTree = "<group>"; };
		67810FD31DDB368C006BF4F5 /* nav_back.png */ = {isa = PBXFileReference; lastKnownFileType = image.png; path = nav_back.png; sourceTree = "<group>"; };
		67810FD41DDB368C006BF4F5 /* nav_back@2x.png */ = {isa = PBXFileReference; lastKnownFileType = image.png; path = "nav_back@2x.png"; sourceTree = "<group>"; };
		67810FD51DDB368C006BF4F5 /* nav_bar_bg.png */ = {isa = PBXFileReference; lastKnownFileType = image.png; path = nav_bar_bg.png; sourceTree = "<group>"; };
		67810FD61DDB368C006BF4F5 /* nav_bar_bg@2x.png */ = {isa = PBXFileReference; lastKnownFileType = image.png; path = "nav_bar_bg@2x.png"; sourceTree = "<group>"; };
		67810FD71DDB368C006BF4F5 /* nav_cell_arrow.png */ = {isa = PBXFileReference; lastKnownFileType = image.png; path = nav_cell_arrow.png; sourceTree = "<group>"; };
		67810FD81DDB368C006BF4F5 /* nav_cell_arrow@2x.png */ = {isa = PBXFileReference; lastKnownFileType = image.png; path = "nav_cell_arrow@2x.png"; sourceTree = "<group>"; };
		67810FD91DDB368C006BF4F5 /* nav_cell_arrow_active.png */ = {isa = PBXFileReference; lastKnownFileType = image.png; path = nav_cell_arrow_active.png; sourceTree = "<group>"; };
		67810FDA1DDB368C006BF4F5 /* nav_cell_arrow_active@2x.png */ = {isa = PBXFileReference; lastKnownFileType = image.png; path = "nav_cell_arrow_active@2x.png"; sourceTree = "<group>"; };
		67810FDB1DDB368C006BF4F5 /* nav_cell_bg.png */ = {isa = PBXFileReference; lastKnownFileType = image.png; path = nav_cell_bg.png; sourceTree = "<group>"; };
		67810FDC1DDB368C006BF4F5 /* nav_cell_bg@2x.png */ = {isa = PBXFileReference; lastKnownFileType = image.png; path = "nav_cell_bg@2x.png"; sourceTree = "<group>"; };
		67810FDD1DDB368C006BF4F5 /* nav_cell_bg_active.png */ = {isa = PBXFileReference; lastKnownFileType = image.png; path = nav_cell_bg_active.png; sourceTree = "<group>"; };
		67810FDE1DDB368C006BF4F5 /* nav_cell_bg_active@2x.png */ = {isa = PBXFileReference; lastKnownFileType = image.png; path = "nav_cell_bg_active@2x.png"; sourceTree = "<group>"; };
		67810FDF1DDB368C006BF4F5 /* nav_menu.png */ = {isa = PBXFileReference; lastKnownFileType = image.png; path = nav_menu.png; sourceTree = "<group>"; };
		67810FE01DDB368C006BF4F5 /* nav_menu@2x.png */ = {isa = PBXFileReference; lastKnownFileType = image.png; path = "nav_menu@2x.png"; sourceTree = "<group>"; };
		67810FE21DDB368C006BF4F5 /* question_list_header_bg.png */ = {isa = PBXFileReference; lastKnownFileType = image.png; path = question_list_header_bg.png; sourceTree = "<group>"; };
		67810FE31DDB368C006BF4F5 /* question_list_header_bg@2x.png */ = {isa = PBXFileReference; lastKnownFileType = image.png; path = "question_list_header_bg@2x.png"; sourceTree = "<group>"; };
		67810FE51DDB368C006BF4F5 /* question_list_cell_sep.png */ = {isa = PBXFileReference; lastKnownFileType = image.png; path = question_list_cell_sep.png; sourceTree = "<group>"; };
		67810FE61DDB368C006BF4F5 /* question_list_cell_sep@2x.png */ = {isa = PBXFileReference; lastKnownFileType = image.png; path = "question_list_cell_sep@2x.png"; sourceTree = "<group>"; };
		67810FE71DDB368C006BF4F5 /* question_list_vote.png */ = {isa = PBXFileReference; lastKnownFileType = image.png; path = question_list_vote.png; sourceTree = "<group>"; };
		67810FE81DDB368C006BF4F5 /* question_list_vote@2x.png */ = {isa = PBXFileReference; lastKnownFileType = image.png; path = "question_list_vote@2x.png"; sourceTree = "<group>"; };
		67AF66131DDC519C007D4FAB /* SFLoginService.h */ = {isa = PBXFileReference; fileEncoding = 4; lastKnownFileType = sourcecode.c.h; path = SFLoginService.h; sourceTree = "<group>"; };
		67AF66141DDC519C007D4FAB /* SFLoginService.m */ = {isa = PBXFileReference; fileEncoding = 4; lastKnownFileType = sourcecode.c.objc; path = SFLoginService.m; sourceTree = "<group>"; };
		67AF66171DDC6DAC007D4FAB /* SFRootViewController.h */ = {isa = PBXFileReference; fileEncoding = 4; lastKnownFileType = sourcecode.c.h; path = SFRootViewController.h; sourceTree = "<group>"; };
		67AF66181DDC6DAC007D4FAB /* SFRootViewController.m */ = {isa = PBXFileReference; fileEncoding = 4; lastKnownFileType = sourcecode.c.objc; path = SFRootViewController.m; sourceTree = "<group>"; };
		67AF661A1DDC71EE007D4FAB /* SFQuestionListViewController.h */ = {isa = PBXFileReference; fileEncoding = 4; lastKnownFileType = sourcecode.c.h; path = SFQuestionListViewController.h; sourceTree = "<group>"; };
		67AF661B1DDC71EE007D4FAB /* SFQuestionListViewController.m */ = {isa = PBXFileReference; fileEncoding = 4; lastKnownFileType = sourcecode.c.objc; path = SFQuestionListViewController.m; sourceTree = "<group>"; };
/* End PBXFileReference section */

/* Begin PBXFrameworksBuildPhase section */
		670793A21DDB260B00967D4B /* Frameworks */ = {
			isa = PBXFrameworksBuildPhase;
			buildActionMask = 2147483647;
			files = (
				67810F081DDB33C6006BF4F5 /* CoreGraphics.framework in Frameworks */,
				67810F061DDB33BB006BF4F5 /* Foundation.framework in Frameworks */,
				67810F041DDB33B3006BF4F5 /* UIKit.framework in Frameworks */,
				670793ED1DDB32DD00967D4B /* CFNetwork.framework in Frameworks */,
				670793EB1DDB32D400967D4B /* SystemConfiguration.framework in Frameworks */,
				670793E91DDB32CF00967D4B /* MobileCoreServices.framework in Frameworks */,
				670793E71DDB32C700967D4B /* QuartzCore.framework in Frameworks */,
				670793E51DDB32C000967D4B /* libz.1.2.8.tbd in Frameworks */,
			);
			runOnlyForDeploymentPostprocessing = 0;
		};
		670793BB1DDB260B00967D4B /* Frameworks */ = {
			isa = PBXFrameworksBuildPhase;
			buildActionMask = 2147483647;
			files = (
			);
			runOnlyForDeploymentPostprocessing = 0;
		};
		670793C61DDB260C00967D4B /* Frameworks */ = {
			isa = PBXFrameworksBuildPhase;
			buildActionMask = 2147483647;
			files = (
			);
			runOnlyForDeploymentPostprocessing = 0;
		};
/* End PBXFrameworksBuildPhase section */

/* Begin PBXGroup section */
		6707939C1DDB260B00967D4B = {
			isa = PBXGroup;
			children = (
				670793A71DDB260B00967D4B /* SegmentFault */,
				670793C11DDB260B00967D4B /* SegmentFaultTests */,
				670793CC1DDB260C00967D4B /* SegmentFaultUITests */,
				670793A61DDB260B00967D4B /* Products */,
				670793E31DDB32C000967D4B /* Frameworks */,
			);
			sourceTree = "<group>";
		};
		670793A61DDB260B00967D4B /* Products */ = {
			isa = PBXGroup;
			children = (
				670793A51DDB260B00967D4B /* SegmentFault.app */,
				670793BE1DDB260B00967D4B /* SegmentFaultTests.xctest */,
				670793C91DDB260C00967D4B /* SegmentFaultUITests.xctest */,
			);
			name = Products;
			sourceTree = "<group>";
		};
		670793A71DDB260B00967D4B /* SegmentFault */ = {
			isa = PBXGroup;
			children = (
				6748F8121DDBFD2B006EB630 /* DataCenters */,
				6748F8111DDBFD21006EB630 /* Services */,
				6748F8101DDBFD19006EB630 /* Tools */,
				670793DC1DDB28EA00967D4B /* ViewControllers */,
				670793DB1DDB262F00967D4B /* Delegates */,
				670793B41DDB260B00967D4B /* Assets.xcassets */,
				670793B61DDB260B00967D4B /* LaunchScreen.storyboard */,
				670793B91DDB260B00967D4B /* Info.plist */,
				670793A81DDB260B00967D4B /* Supporting Files */,
			);
			path = SegmentFault;
			sourceTree = "<group>";
		};
		670793A81DDB260B00967D4B /* Supporting Files */ = {
			isa = PBXGroup;
			children = (
				67810FD11DDB368C006BF4F5 /* imagesV2 */,
				67810F6F1DDB3688006BF4F5 /* images */,
				67810F4D1DDB367C006BF4F5 /* URLManager */,
				67810F411DDB3668006BF4F5 /* SlimeRefresh */,
				67810F2C1DDB3641006BF4F5 /* Kache */,
				67810F271DDB3580006BF4F5 /* GTM */,
				67810F131DDB34C5006BF4F5 /* AFNetworking */,
				67810F0B1DDB3498006BF4F5 /* JSONKit */,
				670793A91DDB260B00967D4B /* main.m */,
				6748F80F1DDBFC2A006EB630 /* SegmentFault-Prefix.pch */,
			);
			name = "Supporting Files";
			sourceTree = "<group>";
		};
		670793C11DDB260B00967D4B /* SegmentFaultTests */ = {
			isa = PBXGroup;
			children = (
				670793C21DDB260C00967D4B /* SegmentFaultTests.m */,
				670793C41DDB260C00967D4B /* Info.plist */,
			);
			path = SegmentFaultTests;
			sourceTree = "<group>";
		};
		670793CC1DDB260C00967D4B /* SegmentFaultUITests */ = {
			isa = PBXGroup;
			children = (
				670793CD1DDB260C00967D4B /* SegmentFaultUITests.m */,
				670793CF1DDB260C00967D4B /* Info.plist */,
			);
			path = SegmentFaultUITests;
			sourceTree = "<group>";
		};
		670793DB1DDB262F00967D4B /* Delegates */ = {
			isa = PBXGroup;
			children = (
				670793AB1DDB260B00967D4B /* SFAppDelegate.h */,
				670793AC1DDB260B00967D4B /* SFAppDelegate.m */,
			);
			name = Delegates;
			sourceTree = "<group>";
		};
		670793DC1DDB28EA00967D4B /* ViewControllers */ = {
			isa = PBXGroup;
			children = (
				67AF66161DDC6360007D4FAB /* Base */,
				670793DD1DDB28F600967D4B /* Nav */,
				67AF661A1DDC71EE007D4FAB /* SFQuestionListViewController.h */,
				67AF661B1DDC71EE007D4FAB /* SFQuestionListViewController.m */,
			);
			name = ViewControllers;
			sourceTree = "<group>";
		};
		670793DD1DDB28F600967D4B /* Nav */ = {
			isa = PBXGroup;
			children = (
				6748F80C1DDB3C54006EB630 /* SFSlideNavViewController.h */,
				6748F80D1DDB3C54006EB630 /* SFSlideNavViewController.m */,
			);
			name = Nav;
			sourceTree = "<group>";
		};
		670793E31DDB32C000967D4B /* Frameworks */ = {
			isa = PBXGroup;
			children = (
				67810F071DDB33C6006BF4F5 /* CoreGraphics.framework */,
				67810F051DDB33BB006BF4F5 /* Foundation.framework */,
				67810F031DDB33B3006BF4F5 /* UIKit.framework */,
				670793EC1DDB32DD00967D4B /* CFNetwork.framework */,
				670793EA1DDB32D400967D4B /* SystemConfiguration.framework */,
				670793E81DDB32CF00967D4B /* MobileCoreServices.framework */,
				670793E61DDB32C700967D4B /* QuartzCore.framework */,
				670793E41DDB32C000967D4B /* libz.1.2.8.tbd */,
			);
			name = Frameworks;
			sourceTree = "<group>";
		};
		6748F8101DDBFD19006EB630 /* Tools */ = {
			isa = PBXGroup;
			children = (
				6748F8131DDBFD58006EB630 /* SFMessager.h */,
				6748F8141DDBFD58006EB630 /* SFMessager.m */,
				6748F8191DDBFDBA006EB630 /* SFTools.h */,
				6748F81A1DDBFDBA006EB630 /* SFTools.m */,
			);
			name = Tools;
			sourceTree = "<group>";
		};
		6748F8111DDBFD21006EB630 /* Services */ = {
			isa = PBXGroup;
			children = (
				67AF66131DDC519C007D4FAB /* SFLoginService.h */,
				67AF66141DDC519C007D4FAB /* SFLoginService.m */,
			);
			name = Services;
			sourceTree = "<group>";
		};
		6748F8121DDBFD2B006EB630 /* DataCenters */ = {
			isa = PBXGroup;
			children = (
				6748F8161DDBFD9E006EB630 /* SFQuestion.h */,
				6748F8171DDBFD9E006EB630 /* SFQuestion.m */,
			);
			name = DataCenters;
			sourceTree = "<group>";
		};
		67810F0B1DDB3498006BF4F5 /* JSONKit */ = {
			isa = PBXGroup;
			children = (
				67810F0C1DDB3498006BF4F5 /* CHANGELOG.md */,
				67810F0D1DDB3498006BF4F5 /* JSONKit.h */,
				67810F0E1DDB3498006BF4F5 /* JSONKit.m */,
				67810F0F1DDB3498006BF4F5 /* README.md */,
			);
			name = JSONKit;
			path = Support/JSONKit;
			sourceTree = "<group>";
		};
		67810F131DDB34C5006BF4F5 /* AFNetworking */ = {
			isa = PBXGroup;
			children = (
				67810F141DDB34C5006BF4F5 /* AFHTTPSessionManager.h */,
				67810F151DDB34C5006BF4F5 /* AFHTTPSessionManager.m */,
				67810F161DDB34C5006BF4F5 /* AFNetworking.h */,
				67810F171DDB34C5006BF4F5 /* AFNetworkReachabilityManager.h */,
				67810F181DDB34C5006BF4F5 /* AFNetworkReachabilityManager.m */,
				67810F191DDB34C5006BF4F5 /* AFSecurityPolicy.h */,
				67810F1A1DDB34C5006BF4F5 /* AFSecurityPolicy.m */,
				67810F1B1DDB34C5006BF4F5 /* AFURLRequestSerialization.h */,
				67810F1C1DDB34C5006BF4F5 /* AFURLRequestSerialization.m */,
				67810F1D1DDB34C5006BF4F5 /* AFURLResponseSerialization.h */,
				67810F1E1DDB34C5006BF4F5 /* AFURLResponseSerialization.m */,
				67810F1F1DDB34C5006BF4F5 /* AFURLSessionManager.h */,
				67810F201DDB34C5006BF4F5 /* AFURLSessionManager.m */,
			);
			name = AFNetworking;
			path = Support/AFNetworking/AFNetworking;
			sourceTree = "<group>";
		};
		67810F271DDB3580006BF4F5 /* GTM */ = {
			isa = PBXGroup;
			children = (
				67810F2B1DDB3623006BF4F5 /* GTMDefines.h */,
				67810F281DDB35A3006BF4F5 /* GTMNSString+HTML.h */,
				67810F291DDB35A3006BF4F5 /* GTMNSString+HTML.m */,
			);
			name = GTM;
			sourceTree = "<group>";
		};
		67810F2C1DDB3641006BF4F5 /* Kache */ = {
			isa = PBXGroup;
			children = (
				67810F2D1DDB3641006BF4F5 /* Kache.h */,
				67810F2E1DDB3641006BF4F5 /* Kache.m */,
				67810F2F1DDB3641006BF4F5 /* KCH.h */,
				67810F301DDB3641006BF4F5 /* KConfig.h */,
				67810F311DDB3641006BF4F5 /* KHolder.h */,
				67810F321DDB3641006BF4F5 /* KHolder.m */,
				67810F331DDB3641006BF4F5 /* KObject.h */,
				67810F341DDB3641006BF4F5 /* KObject.m */,
				67810F351DDB3641006BF4F5 /* KPool.h */,
				67810F361DDB3641006BF4F5 /* KPool.m */,
				67810F371DDB3641006BF4F5 /* KQueue.h */,
				67810F381DDB3641006BF4F5 /* KQueue.m */,
				67810F391DDB3641006BF4F5 /* KUtil.h */,
				67810F3A1DDB3641006BF4F5 /* KUtil.m */,
			);
			name = Kache;
			path = Support/Kache/Kache;
			sourceTree = "<group>";
		};
		67810F411DDB3668006BF4F5 /* SlimeRefresh */ = {
			isa = PBXGroup;
			children = (
				67810F421DDB3668006BF4F5 /* sr_refresh.png */,
				67810F431DDB3668006BF4F5 /* sr_refresh@2X.png */,
				67810F441DDB3668006BF4F5 /* SRDefine.h */,
				67810F451DDB3668006BF4F5 /* SRRefreshView.h */,
				67810F461DDB3668006BF4F5 /* SRRefreshView.m */,
				67810F471DDB3668006BF4F5 /* SRSlimeView.h */,
				67810F481DDB3668006BF4F5 /* SRSlimeView.m */,
			);
			name = SlimeRefresh;
			path = Support/SlimeRefresh/SlimeRefresh/SlimeRefresh;
			sourceTree = "<group>";
		};
		67810F4D1DDB367C006BF4F5 /* URLManager */ = {
			isa = PBXGroup;
			children = (
				67810F4E1DDB367C006BF4F5 /* goBackItem.png */,
				67810F4F1DDB367C006BF4F5 /* goBackItem@2x.png */,
				67810F501DDB367C006BF4F5 /* goForwardItem.png */,
				67810F511DDB367C006BF4F5 /* goForwardItem@2x.png */,
				67810F521DDB367C006BF4F5 /* slide_navigator_shadow.png */,
				67810F531DDB367C006BF4F5 /* slide_navigator_shadow@2x.png */,
				67810F541DDB367C006BF4F5 /* UIViewController+Ex.h */,
				67810F551DDB367C006BF4F5 /* UIViewController+Ex.m */,
				67810F561DDB367C006BF4F5 /* UMNavigationController.h */,
				67810F571DDB367C006BF4F5 /* UMNavigationController.m */,
				67810F581DDB367C006BF4F5 /* UMNavigator.h */,
				67810F591DDB367C006BF4F5 /* UMNavigator.m */,
				67810F5A1DDB367C006BF4F5 /* UMSlideNavigationController.h */,
				67810F5B1DDB367C006BF4F5 /* UMSlideNavigationController.m */,
				67810F5C1DDB367C006BF4F5 /* UMTools.h */,
				67810F5D1DDB367C006BF4F5 /* UMTools.m */,
				67810F5E1DDB367C006BF4F5 /* UMViewController.h */,
				67810F5F1DDB367C006BF4F5 /* UMViewController.m */,
				67810F601DDB367C006BF4F5 /* UMWebViewController.h */,
				67810F611DDB367C006BF4F5 /* UMWebViewController.m */,
			);
			name = URLManager;
			path = Support/URLManager/URLManager;
			sourceTree = "<group>";
		};
		67810F6F1DDB3688006BF4F5 /* images */ = {
			isa = PBXGroup;
			children = (
				67810F701DDB3688006BF4F5 /* Default-568h@2x.png */,
				67810F711DDB3688006BF4F5 /* Default.png */,
				67810F721DDB3688006BF4F5 /* Default@2x.png */,
				67810F731DDB3688006BF4F5 /* icons */,
				67810F7B1DDB3688006BF4F5 /* logout */,
				67810F801DDB3688006BF4F5 /* nav */,
				67810F991DDB3688006BF4F5 /* questiondetail */,
				67810F9C1DDB3688006BF4F5 /* questionlist */,
			);
			path = images;
			sourceTree = "<group>";
		};
		67810F731DDB3688006BF4F5 /* icons */ = {
			isa = PBXGroup;
			children = (
				67810F741DDB3688006BF4F5 /* Icon-72.png */,
				67810F751DDB3688006BF4F5 /* Icon-Small-50.png */,
				67810F761DDB3688006BF4F5 /* Icon-Small.png */,
				67810F771DDB3688006BF4F5 /* Icon-Small@2x.png */,
				67810F781DDB3688006BF4F5 /* Icon.png */,
				67810F791DDB3688006BF4F5 /* Icon@2x.png */,
				67810F7A1DDB3688006BF4F5 /* iTunesArtwork.png */,
			);
			path = icons;
			sourceTree = "<group>";
		};
		67810F7B1DDB3688006BF4F5 /* logout */ = {
			isa = PBXGroup;
			children = (
				67810F7C1DDB3688006BF4F5 /* logout_btn.png */,
				67810F7D1DDB3688006BF4F5 /* logout_btn@2x.png */,
				67810F7E1DDB3688006BF4F5 /* logout_btn_pressed.png */,
				67810F7F1DDB3688006BF4F5 /* logout_btn_pressed@2x.png */,
			);
			path = logout;
			sourceTree = "<group>";
		};
		67810F801DDB3688006BF4F5 /* nav */ = {
			isa = PBXGroup;
			children = (
				67810F811DDB3688006BF4F5 /* back_button_background.png */,
				67810F821DDB3688006BF4F5 /* back_button_background@2x.png */,
				67810F831DDB3688006BF4F5 /* back_button_pressed_background.png */,
				67810F841DDB3688006BF4F5 /* back_button_pressed_background@2x.png */,
				67810F851DDB3688006BF4F5 /* navigationbar_light_background.png */,
				67810F861DDB3688006BF4F5 /* navigationbar_light_background@2x.png */,
				67810F871DDB3688006BF4F5 /* slide_navigator_button.png */,
				67810F881DDB3688006BF4F5 /* slide_navigator_button@2x.png */,
				67810F891DDB3688006BF4F5 /* slide_navigator_button_pressed.png */,
				67810F8A1DDB3688006BF4F5 /* slide_navigator_button_pressed@2x.png */,
				67810F8B1DDB3688006BF4F5 /* slide_navigator_cell_background.png */,
				67810F8C1DDB3688006BF4F5 /* slide_navigator_cell_background@2x.png */,
				67810F8D1DDB3688006BF4F5 /* slide_navigator_cell_chevron.png */,
				67810F8E1DDB3688006BF4F5 /* slide_navigator_cell_chevron@2x.png */,
				67810F8F1DDB3688006BF4F5 /* slide_navigator_cell_selected_background.png */,
				67810F901DDB3688006BF4F5 /* slide_navigator_cell_selected_background@2x.png */,
				67810F911DDB3688006BF4F5 /* slide_navigator_cell_selected_chevron.png */,
				67810F921DDB3688006BF4F5 /* slide_navigator_cell_selected_chevron@2x.png */,
				67810F931DDB3688006BF4F5 /* slide_navigator_dark_backgrond.png */,
				67810F941DDB3688006BF4F5 /* slide_navigator_dark_backgrond@2x.png */,
				67810F951DDB3688006BF4F5 /* slide_navigator_light_backgrond.png */,
				67810F961DDB3688006BF4F5 /* slide_navigator_light_backgrond@2x.png */,
				67810F971DDB3688006BF4F5 /* slide_navigator_section_header_background.png */,
				67810F981DDB3688006BF4F5 /* slide_navigator_section_header_background@2x.png */,
			);
			path = nav;
			sourceTree = "<group>";
		};
		67810F991DDB3688006BF4F5 /* questiondetail */ = {
			isa = PBXGroup;
			children = (
				67810F9A1DDB3688006BF4F5 /* question_detail_section_header_background.png */,
				67810F9B1DDB3688006BF4F5 /* question_detail_section_header_background@2x.png */,
			);
			path = questiondetail;
			sourceTree = "<group>";
		};
		67810F9C1DDB3688006BF4F5 /* questionlist */ = {
			isa = PBXGroup;
			children = (
				67810F9D1DDB3688006BF4F5 /* qlist_cell_pop.png */,
				67810F9E1DDB3688006BF4F5 /* qlist_cell_pop@2x.png */,
				67810F9F1DDB3688006BF4F5 /* qlist_cell_pop_unanswered.png */,
				67810FA01DDB3688006BF4F5 /* qlist_cell_pop_unanswered@2x.png */,
				67810FA11DDB3688006BF4F5 /* qlist_cell_selected_background.png */,
				67810FA21DDB3688006BF4F5 /* qlist_cell_selected_background@2x.png */,
			);
			path = questionlist;
			sourceTree = "<group>";
		};
		67810FD11DDB368C006BF4F5 /* imagesV2 */ = {
			isa = PBXGroup;
			children = (
				67810FD21DDB368C006BF4F5 /* nav */,
				67810FE11DDB368C006BF4F5 /* questiondetail */,
				67810FE41DDB368C006BF4F5 /* questionlist */,
			);
			path = imagesV2;
			sourceTree = "<group>";
		};
		67810FD21DDB368C006BF4F5 /* nav */ = {
			isa = PBXGroup;
			children = (
				67810FD31DDB368C006BF4F5 /* nav_back.png */,
				67810FD41DDB368C006BF4F5 /* nav_back@2x.png */,
				67810FD51DDB368C006BF4F5 /* nav_bar_bg.png */,
				67810FD61DDB368C006BF4F5 /* nav_bar_bg@2x.png */,
				67810FD71DDB368C006BF4F5 /* nav_cell_arrow.png */,
				67810FD81DDB368C006BF4F5 /* nav_cell_arrow@2x.png */,
				67810FD91DDB368C006BF4F5 /* nav_cell_arrow_active.png */,
				67810FDA1DDB368C006BF4F5 /* nav_cell_arrow_active@2x.png */,
				67810FDB1DDB368C006BF4F5 /* nav_cell_bg.png */,
				67810FDC1DDB368C006BF4F5 /* nav_cell_bg@2x.png */,
				67810FDD1DDB368C006BF4F5 /* nav_cell_bg_active.png */,
				67810FDE1DDB368C006BF4F5 /* nav_cell_bg_active@2x.png */,
				67810FDF1DDB368C006BF4F5 /* nav_menu.png */,
				67810FE01DDB368C006BF4F5 /* nav_menu@2x.png */,
			);
			path = nav;
			sourceTree = "<group>";
		};
		67810FE11DDB368C006BF4F5 /* questiondetail */ = {
			isa = PBXGroup;
			children = (
				67810FE21DDB368C006BF4F5 /* question_list_header_bg.png */,
				67810FE31DDB368C006BF4F5 /* question_list_header_bg@2x.png */,
			);
			path = questiondetail;
			sourceTree = "<group>";
		};
		67810FE41DDB368C006BF4F5 /* questionlist */ = {
			isa = PBXGroup;
			children = (
				67810FE51DDB368C006BF4F5 /* question_list_cell_sep.png */,
				67810FE61DDB368C006BF4F5 /* question_list_cell_sep@2x.png */,
				67810FE71DDB368C006BF4F5 /* question_list_vote.png */,
				67810FE81DDB368C006BF4F5 /* question_list_vote@2x.png */,
			);
			path = questionlist;
			sourceTree = "<group>";
		};
		67AF66161DDC6360007D4FAB /* Base */ = {
			isa = PBXGroup;
			children = (
				67AF66171DDC6DAC007D4FAB /* SFRootViewController.h */,
				67AF66181DDC6DAC007D4FAB /* SFRootViewController.m */,
			);
			name = Base;
			sourceTree = "<group>";
		};
/* End PBXGroup section */

/* Begin PBXNativeTarget section */
		670793A41DDB260B00967D4B /* SegmentFault */ = {
			isa = PBXNativeTarget;
			buildConfigurationList = 670793D21DDB260C00967D4B /* Build configuration list for PBXNativeTarget "SegmentFault" */;
			buildPhases = (
				670793A11DDB260B00967D4B /* Sources */,
				670793A21DDB260B00967D4B /* Frameworks */,
				670793A31DDB260B00967D4B /* Resources */,
			);
			buildRules = (
			);
			dependencies = (
			);
			name = SegmentFault;
			productName = SegmentFault;
			productReference = 670793A51DDB260B00967D4B /* SegmentFault.app */;
			productType = "com.apple.product-type.application";
		};
		670793BD1DDB260B00967D4B /* SegmentFaultTests */ = {
			isa = PBXNativeTarget;
			buildConfigurationList = 670793D51DDB260C00967D4B /* Build configuration list for PBXNativeTarget "SegmentFaultTests" */;
			buildPhases = (
				670793BA1DDB260B00967D4B /* Sources */,
				670793BB1DDB260B00967D4B /* Frameworks */,
				670793BC1DDB260B00967D4B /* Resources */,
			);
			buildRules = (
			);
			dependencies = (
				670793C01DDB260B00967D4B /* PBXTargetDependency */,
			);
			name = SegmentFaultTests;
			productName = SegmentFaultTests;
			productReference = 670793BE1DDB260B00967D4B /* SegmentFaultTests.xctest */;
			productType = "com.apple.product-type.bundle.unit-test";
		};
		670793C81DDB260C00967D4B /* SegmentFaultUITests */ = {
			isa = PBXNativeTarget;
			buildConfigurationList = 670793D81DDB260C00967D4B /* Build configuration list for PBXNativeTarget "SegmentFaultUITests" */;
			buildPhases = (
				670793C51DDB260C00967D4B /* Sources */,
				670793C61DDB260C00967D4B /* Frameworks */,
				670793C71DDB260C00967D4B /* Resources */,
			);
			buildRules = (
			);
			dependencies = (
				670793CB1DDB260C00967D4B /* PBXTargetDependency */,
			);
			name = SegmentFaultUITests;
			productName = SegmentFaultUITests;
			productReference = 670793C91DDB260C00967D4B /* SegmentFaultUITests.xctest */;
			productType = "com.apple.product-type.bundle.ui-testing";
		};
/* End PBXNativeTarget section */

/* Begin PBXProject section */
		6707939D1DDB260B00967D4B /* Project object */ = {
			isa = PBXProject;
			attributes = {
				LastUpgradeCheck = 0810;
				ORGANIZATIONNAME = Debao;
				TargetAttributes = {
					670793A41DDB260B00967D4B = {
						CreatedOnToolsVersion = 8.1;
						ProvisioningStyle = Automatic;
					};
					670793BD1DDB260B00967D4B = {
						CreatedOnToolsVersion = 8.1;
						ProvisioningStyle = Automatic;
						TestTargetID = 670793A41DDB260B00967D4B;
					};
					670793C81DDB260C00967D4B = {
						CreatedOnToolsVersion = 8.1;
						ProvisioningStyle = Automatic;
						TestTargetID = 670793A41DDB260B00967D4B;
					};
				};
			};
			buildConfigurationList = 670793A01DDB260B00967D4B /* Build configuration list for PBXProject "SegmentFault" */;
			compatibilityVersion = "Xcode 3.2";
			developmentRegion = English;
			hasScannedForEncodings = 0;
			knownRegions = (
				en,
				Base,
			);
			mainGroup = 6707939C1DDB260B00967D4B;
			productRefGroup = 670793A61DDB260B00967D4B /* Products */;
			projectDirPath = "";
			projectRoot = "";
			targets = (
				670793A41DDB260B00967D4B /* SegmentFault */,
				670793BD1DDB260B00967D4B /* SegmentFaultTests */,
				670793C81DDB260C00967D4B /* SegmentFaultUITests */,
			);
		};
/* End PBXProject section */

/* Begin PBXResourcesBuildPhase section */
		670793A31DDB260B00967D4B /* Resources */ = {
			isa = PBXResourcesBuildPhase;
			buildActionMask = 2147483647;
			files = (
				67810FCF1DDB3688006BF4F5 /* qlist_cell_selected_background.png in Resources */,
				67810FAA1DDB3688006BF4F5 /* Icon.png in Resources */,
				67810FF31DDB368C006BF4F5 /* nav_cell_bg_active.png in Resources */,
				67810FB61DDB3688006BF4F5 /* navigationbar_light_background@2x.png in Resources */,
				67810FA81DDB3688006BF4F5 /* Icon-Small.png in Resources */,
				67810FC81DDB3688006BF4F5 /* slide_navigator_section_header_background@2x.png in Resources */,
				67810FC51DDB3688006BF4F5 /* slide_navigator_light_backgrond.png in Resources */,
				67810FC21DDB3688006BF4F5 /* slide_navigator_cell_selected_chevron@2x.png in Resources */,
				67810F641DDB367C006BF4F5 /* goForwardItem.png in Resources */,
				67810FA31DDB3688006BF4F5 /* Default-568h@2x.png in Resources */,
				67810F631DDB367C006BF4F5 /* goBackItem@2x.png in Resources */,
				67810FF71DDB368C006BF4F5 /* question_list_header_bg.png in Resources */,
				67810FA91DDB3688006BF4F5 /* Icon-Small@2x.png in Resources */,
				67810FED1DDB368C006BF4F5 /* nav_cell_arrow.png in Resources */,
				670793B81DDB260B00967D4B /* LaunchScreen.storyboard in Resources */,
				67810FBE1DDB3688006BF4F5 /* slide_navigator_cell_chevron@2x.png in Resources */,
				67810FEA1DDB368C006BF4F5 /* nav_back@2x.png in Resources */,
				67810FBD1DDB3688006BF4F5 /* slide_navigator_cell_chevron.png in Resources */,
				67810FFC1DDB368C006BF4F5 /* question_list_vote@2x.png in Resources */,
				67810FA51DDB3688006BF4F5 /* Default@2x.png in Resources */,
				67810FC11DDB3688006BF4F5 /* slide_navigator_cell_selected_chevron.png in Resources */,
				67810FB01DDB3688006BF4F5 /* logout_btn_pressed@2x.png in Resources */,
				67810FAF1DDB3688006BF4F5 /* logout_btn_pressed.png in Resources */,
				67810FA61DDB3688006BF4F5 /* Icon-72.png in Resources */,
				67810FC31DDB3688006BF4F5 /* slide_navigator_dark_backgrond.png in Resources */,
				67810F651DDB367C006BF4F5 /* goForwardItem@2x.png in Resources */,
				67810FFA1DDB368C006BF4F5 /* question_list_cell_sep@2x.png in Resources */,
				67810FAD1DDB3688006BF4F5 /* logout_btn.png in Resources */,
				67810FB51DDB3688006BF4F5 /* navigationbar_light_background.png in Resources */,
				67810FB71DDB3688006BF4F5 /* slide_navigator_button.png in Resources */,
				67810FB81DDB3688006BF4F5 /* slide_navigator_button@2x.png in Resources */,
				67810FE91DDB368C006BF4F5 /* nav_back.png in Resources */,
				67810FF81DDB368C006BF4F5 /* question_list_header_bg@2x.png in Resources */,
				67810FCC1DDB3688006BF4F5 /* qlist_cell_pop@2x.png in Resources */,
				67810FCB1DDB3688006BF4F5 /* qlist_cell_pop.png in Resources */,
				67810FC71DDB3688006BF4F5 /* slide_navigator_section_header_background.png in Resources */,
				67810FF21DDB368C006BF4F5 /* nav_cell_bg@2x.png in Resources */,
				67810FBB1DDB3688006BF4F5 /* slide_navigator_cell_background.png in Resources */,
				67810FBF1DDB3688006BF4F5 /* slide_navigator_cell_selected_background.png in Resources */,
				67810FC01DDB3688006BF4F5 /* slide_navigator_cell_selected_background@2x.png in Resources */,
				67810FF01DDB368C006BF4F5 /* nav_cell_arrow_active@2x.png in Resources */,
				67810F4A1DDB3668006BF4F5 /* sr_refresh@2X.png in Resources */,
				67810FCD1DDB3688006BF4F5 /* qlist_cell_pop_unanswered.png in Resources */,
				67810FF61DDB368C006BF4F5 /* nav_menu@2x.png in Resources */,
				67810F491DDB3668006BF4F5 /* sr_refresh.png in Resources */,
				67810FB11DDB3688006BF4F5 /* back_button_background.png in Resources */,
				67810FA41DDB3688006BF4F5 /* Default.png in Resources */,
				67810FEB1DDB368C006BF4F5 /* nav_bar_bg.png in Resources */,
				67810F661DDB367C006BF4F5 /* slide_navigator_shadow.png in Resources */,
				67810FB41DDB3688006BF4F5 /* back_button_pressed_background@2x.png in Resources */,
				67810FF41DDB368C006BF4F5 /* nav_cell_bg_active@2x.png in Resources */,
				67810FCA1DDB3688006BF4F5 /* question_detail_section_header_background@2x.png in Resources */,
				67810FAE1DDB3688006BF4F5 /* logout_btn@2x.png in Resources */,
				67810FB91DDB3688006BF4F5 /* slide_navigator_button_pressed.png in Resources */,
				67810F621DDB367C006BF4F5 /* goBackItem.png in Resources */,
				67810FAB1DDB3688006BF4F5 /* Icon@2x.png in Resources */,
				67810FBA1DDB3688006BF4F5 /* slide_navigator_button_pressed@2x.png in Resources */,
				67810FFB1DDB368C006BF4F5 /* question_list_vote.png in Resources */,
				67810FC41DDB3688006BF4F5 /* slide_navigator_dark_backgrond@2x.png in Resources */,
				67810FD01DDB3688006BF4F5 /* qlist_cell_selected_background@2x.png in Resources */,
				67810FA71DDB3688006BF4F5 /* Icon-Small-50.png in Resources */,
				67810FF51DDB368C006BF4F5 /* nav_menu.png in Resources */,
				67810F671DDB367C006BF4F5 /* slide_navigator_shadow@2x.png in Resources */,
				67810FF91DDB368C006BF4F5 /* question_list_cell_sep.png in Resources */,
				67810FF11DDB368C006BF4F5 /* nav_cell_bg.png in Resources */,
				67810FAC1DDB3688006BF4F5 /* iTunesArtwork.png in Resources */,
				67810FBC1DDB3688006BF4F5 /* slide_navigator_cell_background@2x.png in Resources */,
				670793B51DDB260B00967D4B /* Assets.xcassets in Resources */,
				67810FB21DDB3688006BF4F5 /* back_button_background@2x.png in Resources */,
				67810FCE1DDB3688006BF4F5 /* qlist_cell_pop_unanswered@2x.png in Resources */,
				67810FEF1DDB368C006BF4F5 /* nav_cell_arrow_active.png in Resources */,
				67810FB31DDB3688006BF4F5 /* back_button_pressed_background.png in Resources */,
				67810FEE1DDB368C006BF4F5 /* nav_cell_arrow@2x.png in Resources */,
				67810FC61DDB3688006BF4F5 /* slide_navigator_light_backgrond@2x.png in Resources */,
				67810FC91DDB3688006BF4F5 /* question_detail_section_header_background.png in Resources */,
				67810FEC1DDB368C006BF4F5 /* nav_bar_bg@2x.png in Resources */,
			);
			runOnlyForDeploymentPostprocessing = 0;
		};
		670793BC1DDB260B00967D4B /* Resources */ = {
			isa = PBXResourcesBuildPhase;
			buildActionMask = 2147483647;
			files = (
			);
			runOnlyForDeploymentPostprocessing = 0;
		};
		670793C71DDB260C00967D4B /* Resources */ = {
			isa = PBXResourcesBuildPhase;
			buildActionMask = 2147483647;
			files = (
			);
			runOnlyForDeploymentPostprocessing = 0;
		};
/* End PBXResourcesBuildPhase section */

/* Begin PBXSourcesBuildPhase section */
		670793A11DDB260B00967D4B /* Sources */ = {
			isa = PBXSourcesBuildPhase;
			buildActionMask = 2147483647;
			files = (
				67810F3D1DDB3641006BF4F5 /* KObject.m in Sources */,
				67810F241DDB34C5006BF4F5 /* AFURLRequestSerialization.m in Sources */,
				67810F6C1DDB367C006BF4F5 /* UMTools.m in Sources */,
				670793AD1DDB260B00967D4B /* SFAppDelegate.m in Sources */,
				67810F401DDB3641006BF4F5 /* KUtil.m in Sources */,
				67810F101DDB3498006BF4F5 /* CHANGELOG.md in Sources */,
				67810F121DDB3498006BF4F5 /* README.md in Sources */,
				67810F6E1DDB367C006BF4F5 /* UMWebViewController.m in Sources */,
				67810F6A1DDB367C006BF4F5 /* UMNavigator.m in Sources */,
				67810F4C1DDB3668006BF4F5 /* SRSlimeView.m in Sources */,
				67810F261DDB34C5006BF4F5 /* AFURLSessionManager.m in Sources */,
				6748F80E1DDB3C54006EB630 /* SFSlideNavViewController.m in Sources */,
				67810F2A1DDB35A3006BF4F5 /* GTMNSString+HTML.m in Sources */,
				67810F3E1DDB3641006BF4F5 /* KPool.m in Sources */,
				67AF66151DDC519C007D4FAB /* SFLoginService.m in Sources */,
				67AF66191DDC6DAC007D4FAB /* SFRootViewController.m in Sources */,
				67810F251DDB34C5006BF4F5 /* AFURLResponseSerialization.m in Sources */,
				67AF661C1DDC71EE007D4FAB /* SFQuestionListViewController.m in Sources */,
				6748F81B1DDBFDBA006EB630 /* SFTools.m in Sources */,
				67810F681DDB367C006BF4F5 /* UIViewController+Ex.m in Sources */,
				6748F8151DDBFD58006EB630 /* SFMessager.m in Sources */,
				67810F221DDB34C5006BF4F5 /* AFNetworkReachabilityManager.m in Sources */,
				67810F4B1DDB3668006BF4F5 /* SRRefreshView.m in Sources */,
				67810F6B1DDB367C006BF4F5 /* UMSlideNavigationController.m in Sources */,
				67810F3B1DDB3641006BF4F5 /* Kache.m in Sources */,
				67810F3C1DDB3641006BF4F5 /* KHolder.m in Sources */,
				67810F231DDB34C5006BF4F5 /* AFSecurityPolicy.m in Sources */,
				67810F3F1DDB3641006BF4F5 /* KQueue.m in Sources */,
				67810F211DDB34C5006BF4F5 /* AFHTTPSessionManager.m in Sources */,
				67810F691DDB367C006BF4F5 /* UMNavigationController.m in Sources */,
				6748F8181DDBFD9E006EB630 /* SFQuestion.m in Sources */,
				67810F111DDB3498006BF4F5 /* JSONKit.m in Sources */,
				67810F6D1DDB367C006BF4F5 /* UMViewController.m in Sources */,
				670793AA1DDB260B00967D4B /* main.m in Sources */,
			);
			runOnlyForDeploymentPostprocessing = 0;
		};
		670793BA1DDB260B00967D4B /* Sources */ = {
			isa = PBXSourcesBuildPhase;
			buildActionMask = 2147483647;
			files = (
				670793C31DDB260C00967D4B /* SegmentFaultTests.m in Sources */,
			);
			runOnlyForDeploymentPostprocessing = 0;
		};
		670793C51DDB260C00967D4B /* Sources */ = {
			isa = PBXSourcesBuildPhase;
			buildActionMask = 2147483647;
			files = (
				670793CE1DDB260C00967D4B /* SegmentFaultUITests.m in Sources */,
			);
			runOnlyForDeploymentPostprocessing = 0;
		};
/* End PBXSourcesBuildPhase section */

/* Begin PBXTargetDependency section */
		670793C01DDB260B00967D4B /* PBXTargetDependency */ = {
			isa = PBXTargetDependency;
			target = 670793A41DDB260B00967D4B /* SegmentFault */;
			targetProxy = 670793BF1DDB260B00967D4B /* PBXContainerItemProxy */;
		};
		670793CB1DDB260C00967D4B /* PBXTargetDependency */ = {
			isa = PBXTargetDependency;
			target = 670793A41DDB260B00967D4B /* SegmentFault */;
			targetProxy = 670793CA1DDB260C00967D4B /* PBXContainerItemProxy */;
		};
/* End PBXTargetDependency section */

/* Begin PBXVariantGroup section */
		670793B61DDB260B00967D4B /* LaunchScreen.storyboard */ = {
			isa = PBXVariantGroup;
			children = (
				670793B71DDB260B00967D4B /* Base */,
			);
			name = LaunchScreen.storyboard;
			sourceTree = "<group>";
		};
/* End PBXVariantGroup section */

/* Begin XCBuildConfiguration section */
		670793D01DDB260C00967D4B /* Debug */ = {
			isa = XCBuildConfiguration;
			buildSettings = {
				ALWAYS_SEARCH_USER_PATHS = NO;
				CLANG_ANALYZER_NONNULL = YES;
				CLANG_CXX_LANGUAGE_STANDARD = "gnu++0x";
				CLANG_CXX_LIBRARY = "libc++";
				CLANG_ENABLE_MODULES = YES;
				CLANG_ENABLE_OBJC_ARC = YES;
				CLANG_WARN_BOOL_CONVERSION = YES;
				CLANG_WARN_CONSTANT_CONVERSION = YES;
				CLANG_WARN_DIRECT_OBJC_ISA_USAGE = YES_ERROR;
				CLANG_WARN_DOCUMENTATION_COMMENTS = YES;
				CLANG_WARN_EMPTY_BODY = YES;
				CLANG_WARN_ENUM_CONVERSION = YES;
				CLANG_WARN_INFINITE_RECURSION = YES;
				CLANG_WARN_INT_CONVERSION = YES;
				CLANG_WARN_OBJC_ROOT_CLASS = YES_ERROR;
				CLANG_WARN_SUSPICIOUS_MOVES = YES;
				CLANG_WARN_UNREACHABLE_CODE = YES;
				CLANG_WARN__DUPLICATE_METHOD_MATCH = YES;
				"CODE_SIGN_IDENTITY[sdk=iphoneos*]" = "iPhone Developer";
				COPY_PHASE_STRIP = NO;
				DEBUG_INFORMATION_FORMAT = dwarf;
				ENABLE_STRICT_OBJC_MSGSEND = YES;
				ENABLE_TESTABILITY = YES;
				GCC_C_LANGUAGE_STANDARD = gnu99;
				GCC_DYNAMIC_NO_PIC = NO;
				GCC_NO_COMMON_BLOCKS = YES;
				GCC_OPTIMIZATION_LEVEL = 0;
				GCC_PREPROCESSOR_DEFINITIONS = (
					"DEBUG=1",
					"$(inherited)",
				);
				GCC_WARN_64_TO_32_BIT_CONVERSION = YES;
				GCC_WARN_ABOUT_RETURN_TYPE = YES_ERROR;
				GCC_WARN_UNDECLARED_SELECTOR = YES;
				GCC_WARN_UNINITIALIZED_AUTOS = YES_AGGRESSIVE;
				GCC_WARN_UNUSED_FUNCTION = YES;
				GCC_WARN_UNUSED_VARIABLE = YES;
				IPHONEOS_DEPLOYMENT_TARGET = 10.1;
				MTL_ENABLE_DEBUG_INFO = YES;
				ONLY_ACTIVE_ARCH = YES;
				SDKROOT = iphoneos;
			};
			name = Debug;
		};
		670793D11DDB260C00967D4B /* Release */ = {
			isa = XCBuildConfiguration;
			buildSettings = {
				ALWAYS_SEARCH_USER_PATHS = NO;
				CLANG_ANALYZER_NONNULL = YES;
				CLANG_CXX_LANGUAGE_STANDARD = "gnu++0x";
				CLANG_CXX_LIBRARY = "libc++";
				CLANG_ENABLE_MODULES = YES;
				CLANG_ENABLE_OBJC_ARC = YES;
				CLANG_WARN_BOOL_CONVERSION = YES;
				CLANG_WARN_CONSTANT_CONVERSION = YES;
				CLANG_WARN_DIRECT_OBJC_ISA_USAGE = YES_ERROR;
				CLANG_WARN_DOCUMENTATION_COMMENTS = YES;
				CLANG_WARN_EMPTY_BODY = YES;
				CLANG_WARN_ENUM_CONVERSION = YES;
				CLANG_WARN_INFINITE_RECURSION = YES;
				CLANG_WARN_INT_CONVERSION = YES;
				CLANG_WARN_OBJC_ROOT_CLASS = YES_ERROR;
				CLANG_WARN_SUSPICIOUS_MOVES = YES;
				CLANG_WARN_UNREACHABLE_CODE = YES;
				CLANG_WARN__DUPLICATE_METHOD_MATCH = YES;
				"CODE_SIGN_IDENTITY[sdk=iphoneos*]" = "iPhone Developer";
				COPY_PHASE_STRIP = NO;
				DEBUG_INFORMATION_FORMAT = "dwarf-with-dsym";
				ENABLE_NS_ASSERTIONS = NO;
				ENABLE_STRICT_OBJC_MSGSEND = YES;
				GCC_C_LANGUAGE_STANDARD = gnu99;
				GCC_NO_COMMON_BLOCKS = YES;
				GCC_WARN_64_TO_32_BIT_CONVERSION = YES;
				GCC_WARN_ABOUT_RETURN_TYPE = YES_ERROR;
				GCC_WARN_UNDECLARED_SELECTOR = YES;
				GCC_WARN_UNINITIALIZED_AUTOS = YES_AGGRESSIVE;
				GCC_WARN_UNUSED_FUNCTION = YES;
				GCC_WARN_UNUSED_VARIABLE = YES;
				IPHONEOS_DEPLOYMENT_TARGET = 10.1;
				MTL_ENABLE_DEBUG_INFO = NO;
				SDKROOT = iphoneos;
				VALIDATE_PRODUCT = YES;
			};
			name = Release;
		};
		670793D31DDB260C00967D4B /* Debug */ = {
			isa = XCBuildConfiguration;
			buildSettings = {
				ASSETCATALOG_COMPILER_APPICON_NAME = AppIcon;
				GCC_PREFIX_HEADER = "SegmentFault/SegmentFault-Prefix.pch";
				INFOPLIST_FILE = SegmentFault/Info.plist;
				LD_RUNPATH_SEARCH_PATHS = "$(inherited) @executable_path/Frameworks";
				PRODUCT_BUNDLE_IDENTIFIER = com.wj.SegmentFault;
				PRODUCT_NAME = "$(TARGET_NAME)";
			};
			name = Debug;
		};
		670793D41DDB260C00967D4B /* Release */ = {
			isa = XCBuildConfiguration;
			buildSettings = {
				ASSETCATALOG_COMPILER_APPICON_NAME = AppIcon;
				GCC_PREFIX_HEADER = "SegmentFault/SegmentFault-Prefix.pch";
				INFOPLIST_FILE = SegmentFault/Info.plist;
				LD_RUNPATH_SEARCH_PATHS = "$(inherited) @executable_path/Frameworks";
				PRODUCT_BUNDLE_IDENTIFIER = com.wj.SegmentFault;
				PRODUCT_NAME = "$(TARGET_NAME)";
			};
			name = Release;
		};
		670793D61DDB260C00967D4B /* Debug */ = {
			isa = XCBuildConfiguration;
			buildSettings = {
				BUNDLE_LOADER = "$(TEST_HOST)";
				INFOPLIST_FILE = SegmentFaultTests/Info.plist;
				LD_RUNPATH_SEARCH_PATHS = "$(inherited) @executable_path/Frameworks @loader_path/Frameworks";
				PRODUCT_BUNDLE_IDENTIFIER = com.wj.SegmentFaultTests;
				PRODUCT_NAME = "$(TARGET_NAME)";
				TEST_HOST = "$(BUILT_PRODUCTS_DIR)/SegmentFault.app/SegmentFault";
			};
			name = Debug;
		};
		670793D71DDB260C00967D4B /* Release */ = {
			isa = XCBuildConfiguration;
			buildSettings = {
				BUNDLE_LOADER = "$(TEST_HOST)";
				INFOPLIST_FILE = SegmentFaultTests/Info.plist;
				LD_RUNPATH_SEARCH_PATHS = "$(inherited) @executable_path/Frameworks @loader_path/Frameworks";
				PRODUCT_BUNDLE_IDENTIFIER = com.wj.SegmentFaultTests;
				PRODUCT_NAME = "$(TARGET_NAME)";
				TEST_HOST = "$(BUILT_PRODUCTS_DIR)/SegmentFault.app/SegmentFault";
			};
			name = Release;
		};
		670793D91DDB260C00967D4B /* Debug */ = {
			isa = XCBuildConfiguration;
			buildSettings = {
				INFOPLIST_FILE = SegmentFaultUITests/Info.plist;
				LD_RUNPATH_SEARCH_PATHS = "$(inherited) @executable_path/Frameworks @loader_path/Frameworks";
				PRODUCT_BUNDLE_IDENTIFIER = com.wj.SegmentFaultUITests;
				PRODUCT_NAME = "$(TARGET_NAME)";
				TEST_TARGET_NAME = SegmentFault;
			};
			name = Debug;
		};
		670793DA1DDB260C00967D4B /* Release */ = {
			isa = XCBuildConfiguration;
			buildSettings = {
				INFOPLIST_FILE = SegmentFaultUITests/Info.plist;
				LD_RUNPATH_SEARCH_PATHS = "$(inherited) @executable_path/Frameworks @loader_path/Frameworks";
				PRODUCT_BUNDLE_IDENTIFIER = com.wj.SegmentFaultUITests;
				PRODUCT_NAME = "$(TARGET_NAME)";
				TEST_TARGET_NAME = SegmentFault;
			};
			name = Release;
		};
/* End XCBuildConfiguration section */

/* Begin XCConfigurationList section */
		670793A01DDB260B00967D4B /* Build configuration list for PBXProject "SegmentFault" */ = {
			isa = XCConfigurationList;
			buildConfigurations = (
				670793D01DDB260C00967D4B /* Debug */,
				670793D11DDB260C00967D4B /* Release */,
			);
			defaultConfigurationIsVisible = 0;
			defaultConfigurationName = Release;
		};
		670793D21DDB260C00967D4B /* Build configuration list for PBXNativeTarget "SegmentFault" */ = {
			isa = XCConfigurationList;
			buildConfigurations = (
				670793D31DDB260C00967D4B /* Debug */,
				670793D41DDB260C00967D4B /* Release */,
			);
			defaultConfigurationIsVisible = 0;
			defaultConfigurationName = Release;
		};
		670793D51DDB260C00967D4B /* Build configuration list for PBXNativeTarget "SegmentFaultTests" */ = {
			isa = XCConfigurationList;
			buildConfigurations = (
				670793D61DDB260C00967D4B /* Debug */,
				670793D71DDB260C00967D4B /* Release */,
			);
			defaultConfigurationIsVisible = 0;
			defaultConfigurationName = Release;
		};
		670793D81DDB260C00967D4B /* Build configuration list for PBXNativeTarget "SegmentFaultUITests" */ = {
			isa = XCConfigurationList;
			buildConfigurations = (
				670793D91DDB260C00967D4B /* Debug */,
				670793DA1DDB260C00967D4B /* Release */,
			);
			defaultConfigurationIsVisible = 0;
			defaultConfigurationName = Release;
		};
/* End XCConfigurationList section */
	};
	rootObject = 6707939D1DDB260B00967D4B /* Project object */;
}
